
Microsoft Visual Studio Solution File, Format Version 12.00
# Visual Studio 14
VisualStudioVersion = 14.0.25420.1
MinimumVisualStudioVersion = 10.0.40219.1
Project("{FAE04EC0-301F-11D3-BF4B-00C04F79EFBC}") = "01.TriangleArea", "01.TriangleArea\01.TriangleArea.csproj", "{0B9C7C15-0B17-49E3-A79A-37098283AFDD}"
EndProject
Project("{FAE04EC0-301F-11D3-BF4B-00C04F79EFBC}") = "02.Bricks", "02.Bricks\02.Bricks.csproj", "{857864CB-BAD6-4B4C-93F7-437428B303F2}"
EndProject
Project("{FAE04EC0-301F-11D3-BF4B-00C04F79EFBC}") = "03.PointOnSegment", "03.PointOnSegment\03.PointOnSegment.csproj", "{9815C54D-C839-4C35-AD60-80CEF76CBBA2}"
EndProject
Project("{FAE04EC0-301F-11D3-BF4B-00C04F79EFBC}") = "04.PointInFigure", "04.PointInFigure\04.PointInFigure.csproj", "{7D6E93B4-EC4F-46DE-8C6F-4E84D8A84263}"
EndProject
Project("{FAE04EC0-301F-11D3-BF4B-00C04F79EFBC}") = "05.DateAfter5Days", "05.DateAfter5Days\05.DateAfter5Days.csproj", "{FB83E89F-6992-47C3-9963-C50FB16C576E}"
EndProject
Project("{FAE04EC0-301F-11D3-BF4B-00C04F79EFBC}") = "06.Sums3Numbers", "06.Sums3Numbers\06.Sums3Numbers.csproj", "{EF872E40-E2E3-43A0-808E-960689AF43FE}"
EndProject
Project("{FAE04EC0-301F-11D3-BF4B-00C04F79EFBC}") = "07.SumsStep3", "07.SumsStep3\07.SumsStep3.csproj", "{1850ED57-1A64-4871-B6CC-A3B22A4BBE25}"
EndProject
Project("{FAE04EC0-301F-11D3-BF4B-00C04F79EFBC}") = "08.IncreasingElements", "08.IncreasingElements\08.IncreasingElements.csproj", "{03C03D26-A46A-4D45-A1D7-BFF26D5FDFEC}"
EndProject
Project("{FAE04EC0-301F-11D3-BF4B-00C04F79EFBC}") = "09.PerfectDiamond", "09.PerfectDiamond\09.PerfectDiamond.csproj", "{D8E4A067-FAE6-44D9-9E4E-67296B032972}"
EndProject
Project("{FAE04EC0-301F-11D3-BF4B-00C04F79EFBC}") = "10.RectangleWithStars", "10.RectangleWithStars\10.RectangleWithStars.csproj", "{C13459B6-027B-4E0F-83A2-2D67372210AD}"
EndProject
Project("{FAE04EC0-301F-11D3-BF4B-00C04F79EFBC}") = "11.Increasing4Numbers", "11.Increasing4Numbers\11.Increasing4Numbers.csproj", "{D6394E62-46B8-4A3F-BD81-2E7160ADC119}"
EndProject
Project("{FAE04EC0-301F-11D3-BF4B-00C04F79EFBC}") = "12.GenerateRectangles", "12.GenerateRectangles\12.GenerateRectangles.csproj", "{4E223489-3794-4C36-B296-3A2B7A749A77}"
EndProject
Project("{FAE04EC0-301F-11D3-BF4B-00C04F79EFBC}") = "13.TrainingLab", "13.TrainingLab\13.TrainingLab.csproj", "{980A4309-DA25-47F5-A7CA-E1A98D3DA132}"
EndProject
Project("{FAE04EC0-301F-11D3-BF4B-00C04F79EFBC}") = "14.TransportPrice", "14.TransportPrice\14.TransportPrice.csproj", "{B3CE733F-C60F-4166-8CF8-4048C3CB83FA}"
EndProject
Project("{FAE04EC0-301F-11D3-BF4B-00C04F79EFBC}") = "15.OnTimeForExam", "15.OnTimeForExam\15.OnTimeForExam.csproj", "{D3B4328A-308A-43EA-822E-9DD9BECDED8C}"
EndProject
Project("{FAE04EC0-301F-11D3-BF4B-00C04F79EFBC}") = "16.Histogram", "16.Histogram\16.Histogram.csproj", "{6C1B07E9-F4A9-4056-84D1-2A4819C229F4}"
EndProject
Project("{FAE04EC0-301F-11D3-BF4B-00C04F79EFBC}") = "17.StupidPasswordGenerator", "17.StupidPasswordGenerator\17.StupidPasswordGenerator.csproj", "{08546A45-2DAD-4706-9302-CF67E9D982F9}"
EndProject
Project("{FAE04EC0-301F-11D3-BF4B-00C04F79EFBC}") = "18.DrawFort", "18.DrawFort\18.DrawFort.csproj", "{B8358909-693B-476A-85B6-926C85CA59FE}"
EndProject
Project("{FAE04EC0-301F-11D3-BF4B-00C04F79EFBC}") = "19.VegetableMarket", "19.VegetableMarket\19.VegetableMarket.csproj", "{5B7E6118-8DF8-4F48-A188-B492C8D15941}"
EndProject
Project("{FAE04EC0-301F-11D3-BF4B-00C04F79EFBC}") = "20.PipeInPool", "20.PipeInPool\20.PipeInPool.csproj", "{20ECC07D-4F31-4AF3-A814-31CC6473A2F5}"
EndProject
Project("{FAE04EC0-301F-11D3-BF4B-00C04F79EFBC}") = "21.Trip", "21.Trip\21.Trip.csproj", "{F1B96BBD-8299-4279-BDCF-6C0FE77A2A06}"
EndProject
Project("{FAE04EC0-301F-11D3-BF4B-00C04F79EFBC}") = "22.DivisionWithoutResidue", "22.DivisionWithoutResidue\22.DivisionWithoutResidue.csproj", "{6016756B-9225-4405-8D80-CA6C72394F86}"
EndProject
Project("{FAE04EC0-301F-11D3-BF4B-00C04F79EFBC}") = "23.Butterfly", "23.Butterfly\23.Butterfly.csproj", "{505A1ACE-4325-480B-B70D-51DC672726FB}"
EndProject
Project("{FAE04EC0-301F-11D3-BF4B-00C04F79EFBC}") = "24.MagicNumbers", "24.MagicNumbers\24.MagicNumbers.csproj", "{C41C7F0D-2169-4F6A-9C41-99CC8FE486D9}"
EndProject
Project("{FAE04EC0-301F-11D3-BF4B-00C04F79EFBC}") = "25.RepairingTheTiles", "25.RepairingTheTiles\25.RepairingTheTiles.csproj", "{8513672E-515C-485A-A308-FFFAB3B886CF}"
EndProject
Project("{FAE04EC0-301F-11D3-BF4B-00C04F79EFBC}") = "26.SleepyTomCat", "26.SleepyTomCat\26.SleepyTomCat.csproj", "{4E080BFB-519A-471E-9628-91937F52341E}"
EndProject
Project("{FAE04EC0-301F-11D3-BF4B-00C04F79EFBC}") = "27.OperationsBetweenNumbers", "27.OperationsBetweenNumbers\27.OperationsBetweenNumbers.csproj", "{9F739ED8-F027-4AE0-BBA5-0F588B88F691}"
EndProject
Project("{FAE04EC0-301F-11D3-BF4B-00C04F79EFBC}") = "28.SmartLily", "28.SmartLily\28.SmartLily.csproj", "{958A9350-60FB-4719-BEB1-D444E23835C1}"
EndProject
Project("{FAE04EC0-301F-11D3-BF4B-00C04F79EFBC}") = "29.STOP!", "29.STOP!\29.STOP!.csproj", "{DFBB85D9-3F8F-45B9-87D9-31879E1A1AA9}"
EndProject
Project("{FAE04EC0-301F-11D3-BF4B-00C04F79EFBC}") = "30.SpecialNumbers", "30.SpecialNumbers\30.SpecialNumbers.csproj", "{C5BBDEB0-2069-4577-9820-4C44B479FADC}"
EndProject
Project("{FAE04EC0-301F-11D3-BF4B-00C04F79EFBC}") = "31.Money", "31.Money\31.Money.csproj", "{C41D1CF8-4E2C-4B47-97B2-F748BB6AA3B0}"
EndProject
Project("{FAE04EC0-301F-11D3-BF4B-00C04F79EFBC}") = "32.Harvest", "32.Harvest\32.Harvest.csproj", "{8AF60505-1387-4D74-8B60-36489E48C196}"
EndProject
Project("{FAE04EC0-301F-11D3-BF4B-00C04F79EFBC}") = "33.MatchTickets", "33.MatchTickets\33.MatchTickets.csproj", "{151B9895-E0B6-4E02-AF7E-BC67B93551D0}"
EndProject
Project("{FAE04EC0-301F-11D3-BF4B-00C04F79EFBC}") = "34.BackToThePast", "34.BackToThePast\34.BackToThePast.csproj", "{4D51D159-F6C8-4D2D-BFE5-F8BDAF07198E}"
EndProject
Project("{FAE04EC0-301F-11D3-BF4B-00C04F79EFBC}") = "35.Diamond", "35.Diamond\35.Diamond.csproj", "{AD02C86F-6543-468E-ACDB-6B3DF0A735A8}"
EndProject
Project("{FAE04EC0-301F-11D3-BF4B-00C04F79EFBC}") = "36.StopNumber", "36.StopNumber\36.StopNumber.csproj", "{76CD8AD9-00C7-4AEF-B0C2-89235C523D67}"
EndProject
Global
	GlobalSection(SolutionConfigurationPlatforms) = preSolution
		Debug|Any CPU = Debug|Any CPU
		Release|Any CPU = Release|Any CPU
	EndGlobalSection
	GlobalSection(ProjectConfigurationPlatforms) = postSolution
		{0B9C7C15-0B17-49E3-A79A-37098283AFDD}.Debug|Any CPU.ActiveCfg = Debug|Any CPU
		{0B9C7C15-0B17-49E3-A79A-37098283AFDD}.Debug|Any CPU.Build.0 = Debug|Any CPU
		{0B9C7C15-0B17-49E3-A79A-37098283AFDD}.Release|Any CPU.ActiveCfg = Release|Any CPU
		{0B9C7C15-0B17-49E3-A79A-37098283AFDD}.Release|Any CPU.Build.0 = Release|Any CPU
		{857864CB-BAD6-4B4C-93F7-437428B303F2}.Debug|Any CPU.ActiveCfg = Debug|Any CPU
		{857864CB-BAD6-4B4C-93F7-437428B303F2}.Debug|Any CPU.Build.0 = Debug|Any CPU
		{857864CB-BAD6-4B4C-93F7-437428B303F2}.Release|Any CPU.ActiveCfg = Release|Any CPU
		{857864CB-BAD6-4B4C-93F7-437428B303F2}.Release|Any CPU.Build.0 = Release|Any CPU
		{9815C54D-C839-4C35-AD60-80CEF76CBBA2}.Debug|Any CPU.ActiveCfg = Debug|Any CPU
		{9815C54D-C839-4C35-AD60-80CEF76CBBA2}.Debug|Any CPU.Build.0 = Debug|Any CPU
		{9815C54D-C839-4C35-AD60-80CEF76CBBA2}.Release|Any CPU.ActiveCfg = Release|Any CPU
		{9815C54D-C839-4C35-AD60-80CEF76CBBA2}.Release|Any CPU.Build.0 = Release|Any CPU
		{7D6E93B4-EC4F-46DE-8C6F-4E84D8A84263}.Debug|Any CPU.ActiveCfg = Debug|Any CPU
		{7D6E93B4-EC4F-46DE-8C6F-4E84D8A84263}.Debug|Any CPU.Build.0 = Debug|Any CPU
		{7D6E93B4-EC4F-46DE-8C6F-4E84D8A84263}.Release|Any CPU.ActiveCfg = Release|Any CPU
		{7D6E93B4-EC4F-46DE-8C6F-4E84D8A84263}.Release|Any CPU.Build.0 = Release|Any CPU
		{FB83E89F-6992-47C3-9963-C50FB16C576E}.Debug|Any CPU.ActiveCfg = Debug|Any CPU
		{FB83E89F-6992-47C3-9963-C50FB16C576E}.Debug|Any CPU.Build.0 = Debug|Any CPU
		{FB83E89F-6992-47C3-9963-C50FB16C576E}.Release|Any CPU.ActiveCfg = Release|Any CPU
		{FB83E89F-6992-47C3-9963-C50FB16C576E}.Release|Any CPU.Build.0 = Release|Any CPU
		{EF872E40-E2E3-43A0-808E-960689AF43FE}.Debug|Any CPU.ActiveCfg = Debug|Any CPU
		{EF872E40-E2E3-43A0-808E-960689AF43FE}.Debug|Any CPU.Build.0 = Debug|Any CPU
		{EF872E40-E2E3-43A0-808E-960689AF43FE}.Release|Any CPU.ActiveCfg = Release|Any CPU
		{EF872E40-E2E3-43A0-808E-960689AF43FE}.Release|Any CPU.Build.0 = Release|Any CPU
		{1850ED57-1A64-4871-B6CC-A3B22A4BBE25}.Debug|Any CPU.ActiveCfg = Debug|Any CPU
		{1850ED57-1A64-4871-B6CC-A3B22A4BBE25}.Debug|Any CPU.Build.0 = Debug|Any CPU
		{1850ED57-1A64-4871-B6CC-A3B22A4BBE25}.Release|Any CPU.ActiveCfg = Release|Any CPU
		{1850ED57-1A64-4871-B6CC-A3B22A4BBE25}.Release|Any CPU.Build.0 = Release|Any CPU
		{03C03D26-A46A-4D45-A1D7-BFF26D5FDFEC}.Debug|Any CPU.ActiveCfg = Debug|Any CPU
		{03C03D26-A46A-4D45-A1D7-BFF26D5FDFEC}.Debug|Any CPU.Build.0 = Debug|Any CPU
		{03C03D26-A46A-4D45-A1D7-BFF26D5FDFEC}.Release|Any CPU.ActiveCfg = Release|Any CPU
		{03C03D26-A46A-4D45-A1D7-BFF26D5FDFEC}.Release|Any CPU.Build.0 = Release|Any CPU
		{D8E4A067-FAE6-44D9-9E4E-67296B032972}.Debug|Any CPU.ActiveCfg = Debug|Any CPU
		{D8E4A067-FAE6-44D9-9E4E-67296B032972}.Debug|Any CPU.Build.0 = Debug|Any CPU
		{D8E4A067-FAE6-44D9-9E4E-67296B032972}.Release|Any CPU.ActiveCfg = Release|Any CPU
		{D8E4A067-FAE6-44D9-9E4E-67296B032972}.Release|Any CPU.Build.0 = Release|Any CPU
		{C13459B6-027B-4E0F-83A2-2D67372210AD}.Debug|Any CPU.ActiveCfg = Debug|Any CPU
		{C13459B6-027B-4E0F-83A2-2D67372210AD}.Debug|Any CPU.Build.0 = Debug|Any CPU
		{C13459B6-027B-4E0F-83A2-2D67372210AD}.Release|Any CPU.ActiveCfg = Release|Any CPU
		{C13459B6-027B-4E0F-83A2-2D67372210AD}.Release|Any CPU.Build.0 = Release|Any CPU
		{D6394E62-46B8-4A3F-BD81-2E7160ADC119}.Debug|Any CPU.ActiveCfg = Debug|Any CPU
		{D6394E62-46B8-4A3F-BD81-2E7160ADC119}.Debug|Any CPU.Build.0 = Debug|Any CPU
		{D6394E62-46B8-4A3F-BD81-2E7160ADC119}.Release|Any CPU.ActiveCfg = Release|Any CPU
		{D6394E62-46B8-4A3F-BD81-2E7160ADC119}.Release|Any CPU.Build.0 = Release|Any CPU
		{4E223489-3794-4C36-B296-3A2B7A749A77}.Debug|Any CPU.ActiveCfg = Debug|Any CPU
		{4E223489-3794-4C36-B296-3A2B7A749A77}.Debug|Any CPU.Build.0 = Debug|Any CPU
		{4E223489-3794-4C36-B296-3A2B7A749A77}.Release|Any CPU.ActiveCfg = Release|Any CPU
		{4E223489-3794-4C36-B296-3A2B7A749A77}.Release|Any CPU.Build.0 = Release|Any CPU
		{980A4309-DA25-47F5-A7CA-E1A98D3DA132}.Debug|Any CPU.ActiveCfg = Debug|Any CPU
		{980A4309-DA25-47F5-A7CA-E1A98D3DA132}.Debug|Any CPU.Build.0 = Debug|Any CPU
		{980A4309-DA25-47F5-A7CA-E1A98D3DA132}.Release|Any CPU.ActiveCfg = Release|Any CPU
		{980A4309-DA25-47F5-A7CA-E1A98D3DA132}.Release|Any CPU.Build.0 = Release|Any CPU
		{B3CE733F-C60F-4166-8CF8-4048C3CB83FA}.Debug|Any CPU.ActiveCfg = Debug|Any CPU
		{B3CE733F-C60F-4166-8CF8-4048C3CB83FA}.Debug|Any CPU.Build.0 = Debug|Any CPU
		{B3CE733F-C60F-4166-8CF8-4048C3CB83FA}.Release|Any CPU.ActiveCfg = Release|Any CPU
		{B3CE733F-C60F-4166-8CF8-4048C3CB83FA}.Release|Any CPU.Build.0 = Release|Any CPU
		{D3B4328A-308A-43EA-822E-9DD9BECDED8C}.Debug|Any CPU.ActiveCfg = Debug|Any CPU
		{D3B4328A-308A-43EA-822E-9DD9BECDED8C}.Debug|Any CPU.Build.0 = Debug|Any CPU
		{D3B4328A-308A-43EA-822E-9DD9BECDED8C}.Release|Any CPU.ActiveCfg = Release|Any CPU
		{D3B4328A-308A-43EA-822E-9DD9BECDED8C}.Release|Any CPU.Build.0 = Release|Any CPU
		{6C1B07E9-F4A9-4056-84D1-2A4819C229F4}.Debug|Any CPU.ActiveCfg = Debug|Any CPU
		{6C1B07E9-F4A9-4056-84D1-2A4819C229F4}.Debug|Any CPU.Build.0 = Debug|Any CPU
		{6C1B07E9-F4A9-4056-84D1-2A4819C229F4}.Release|Any CPU.ActiveCfg = Release|Any CPU
		{6C1B07E9-F4A9-4056-84D1-2A4819C229F4}.Release|Any CPU.Build.0 = Release|Any CPU
		{08546A45-2DAD-4706-9302-CF67E9D982F9}.Debug|Any CPU.ActiveCfg = Debug|Any CPU
		{08546A45-2DAD-4706-9302-CF67E9D982F9}.Debug|Any CPU.Build.0 = Debug|Any CPU
		{08546A45-2DAD-4706-9302-CF67E9D982F9}.Release|Any CPU.ActiveCfg = Release|Any CPU
		{08546A45-2DAD-4706-9302-CF67E9D982F9}.Release|Any CPU.Build.0 = Release|Any CPU
		{B8358909-693B-476A-85B6-926C85CA59FE}.Debug|Any CPU.ActiveCfg = Debug|Any CPU
		{B8358909-693B-476A-85B6-926C85CA59FE}.Debug|Any CPU.Build.0 = Debug|Any CPU
		{B8358909-693B-476A-85B6-926C85CA59FE}.Release|Any CPU.ActiveCfg = Release|Any CPU
		{B8358909-693B-476A-85B6-926C85CA59FE}.Release|Any CPU.Build.0 = Release|Any CPU
		{5B7E6118-8DF8-4F48-A188-B492C8D15941}.Debug|Any CPU.ActiveCfg = Debug|Any CPU
		{5B7E6118-8DF8-4F48-A188-B492C8D15941}.Debug|Any CPU.Build.0 = Debug|Any CPU
		{5B7E6118-8DF8-4F48-A188-B492C8D15941}.Release|Any CPU.ActiveCfg = Release|Any CPU
		{5B7E6118-8DF8-4F48-A188-B492C8D15941}.Release|Any CPU.Build.0 = Release|Any CPU
		{20ECC07D-4F31-4AF3-A814-31CC6473A2F5}.Debug|Any CPU.ActiveCfg = Debug|Any CPU
		{20ECC07D-4F31-4AF3-A814-31CC6473A2F5}.Debug|Any CPU.Build.0 = Debug|Any CPU
		{20ECC07D-4F31-4AF3-A814-31CC6473A2F5}.Release|Any CPU.ActiveCfg = Release|Any CPU
		{20ECC07D-4F31-4AF3-A814-31CC6473A2F5}.Release|Any CPU.Build.0 = Release|Any CPU
		{F1B96BBD-8299-4279-BDCF-6C0FE77A2A06}.Debug|Any CPU.ActiveCfg = Debug|Any CPU
		{F1B96BBD-8299-4279-BDCF-6C0FE77A2A06}.Debug|Any CPU.Build.0 = Debug|Any CPU
		{F1B96BBD-8299-4279-BDCF-6C0FE77A2A06}.Release|Any CPU.ActiveCfg = Release|Any CPU
		{F1B96BBD-8299-4279-BDCF-6C0FE77A2A06}.Release|Any CPU.Build.0 = Release|Any CPU
		{6016756B-9225-4405-8D80-CA6C72394F86}.Debug|Any CPU.ActiveCfg = Debug|Any CPU
		{6016756B-9225-4405-8D80-CA6C72394F86}.Debug|Any CPU.Build.0 = Debug|Any CPU
		{6016756B-9225-4405-8D80-CA6C72394F86}.Release|Any CPU.ActiveCfg = Release|Any CPU
		{6016756B-9225-4405-8D80-CA6C72394F86}.Release|Any CPU.Build.0 = Release|Any CPU
		{505A1ACE-4325-480B-B70D-51DC672726FB}.Debug|Any CPU.ActiveCfg = Debug|Any CPU
		{505A1ACE-4325-480B-B70D-51DC672726FB}.Debug|Any CPU.Build.0 = Debug|Any CPU
		{505A1ACE-4325-480B-B70D-51DC672726FB}.Release|Any CPU.ActiveCfg = Release|Any CPU
		{505A1ACE-4325-480B-B70D-51DC672726FB}.Release|Any CPU.Build.0 = Release|Any CPU
		{C41C7F0D-2169-4F6A-9C41-99CC8FE486D9}.Debug|Any CPU.ActiveCfg = Debug|Any CPU
		{C41C7F0D-2169-4F6A-9C41-99CC8FE486D9}.Debug|Any CPU.Build.0 = Debug|Any CPU
		{C41C7F0D-2169-4F6A-9C41-99CC8FE486D9}.Release|Any CPU.ActiveCfg = Release|Any CPU
		{C41C7F0D-2169-4F6A-9C41-99CC8FE486D9}.Release|Any CPU.Build.0 = Release|Any CPU
		{8513672E-515C-485A-A308-FFFAB3B886CF}.Debug|Any CPU.ActiveCfg = Debug|Any CPU
		{8513672E-515C-485A-A308-FFFAB3B886CF}.Debug|Any CPU.Build.0 = Debug|Any CPU
		{8513672E-515C-485A-A308-FFFAB3B886CF}.Release|Any CPU.ActiveCfg = Release|Any CPU
		{8513672E-515C-485A-A308-FFFAB3B886CF}.Release|Any CPU.Build.0 = Release|Any CPU
		{4E080BFB-519A-471E-9628-91937F52341E}.Debug|Any CPU.ActiveCfg = Debug|Any CPU
		{4E080BFB-519A-471E-9628-91937F52341E}.Debug|Any CPU.Build.0 = Debug|Any CPU
		{4E080BFB-519A-471E-9628-91937F52341E}.Release|Any CPU.ActiveCfg = Release|Any CPU
		{4E080BFB-519A-471E-9628-91937F52341E}.Release|Any CPU.Build.0 = Release|Any CPU
		{9F739ED8-F027-4AE0-BBA5-0F588B88F691}.Debug|Any CPU.ActiveCfg = Debug|Any CPU
		{9F739ED8-F027-4AE0-BBA5-0F588B88F691}.Debug|Any CPU.Build.0 = Debug|Any CPU
		{9F739ED8-F027-4AE0-BBA5-0F588B88F691}.Release|Any CPU.ActiveCfg = Release|Any CPU
		{9F739ED8-F027-4AE0-BBA5-0F588B88F691}.Release|Any CPU.Build.0 = Release|Any CPU
		{958A9350-60FB-4719-BEB1-D444E23835C1}.Debug|Any CPU.ActiveCfg = Debug|Any CPU
		{958A9350-60FB-4719-BEB1-D444E23835C1}.Debug|Any CPU.Build.0 = Debug|Any CPU
		{958A9350-60FB-4719-BEB1-D444E23835C1}.Release|Any CPU.ActiveCfg = Release|Any CPU
		{958A9350-60FB-4719-BEB1-D444E23835C1}.Release|Any CPU.Build.0 = Release|Any CPU
		{DFBB85D9-3F8F-45B9-87D9-31879E1A1AA9}.Debug|Any CPU.ActiveCfg = Debug|Any CPU
		{DFBB85D9-3F8F-45B9-87D9-31879E1A1AA9}.Debug|Any CPU.Build.0 = Debug|Any CPU
		{DFBB85D9-3F8F-45B9-87D9-31879E1A1AA9}.Release|Any CPU.ActiveCfg = Release|Any CPU
		{DFBB85D9-3F8F-45B9-87D9-31879E1A1AA9}.Release|Any CPU.Build.0 = Release|Any CPU
		{C5BBDEB0-2069-4577-9820-4C44B479FADC}.Debug|Any CPU.ActiveCfg = Debug|Any CPU
		{C5BBDEB0-2069-4577-9820-4C44B479FADC}.Debug|Any CPU.Build.0 = Debug|Any CPU
		{C5BBDEB0-2069-4577-9820-4C44B479FADC}.Release|Any CPU.ActiveCfg = Release|Any CPU
		{C5BBDEB0-2069-4577-9820-4C44B479FADC}.Release|Any CPU.Build.0 = Release|Any CPU
		{C41D1CF8-4E2C-4B47-97B2-F748BB6AA3B0}.Debug|Any CPU.ActiveCfg = Debug|Any CPU
		{C41D1CF8-4E2C-4B47-97B2-F748BB6AA3B0}.Debug|Any CPU.Build.0 = Debug|Any CPU
		{C41D1CF8-4E2C-4B47-97B2-F748BB6AA3B0}.Release|Any CPU.ActiveCfg = Release|Any CPU
		{C41D1CF8-4E2C-4B47-97B2-F748BB6AA3B0}.Release|Any CPU.Build.0 = Release|Any CPU
		{8AF60505-1387-4D74-8B60-36489E48C196}.Debug|Any CPU.ActiveCfg = Debug|Any CPU
		{8AF60505-1387-4D74-8B60-36489E48C196}.Debug|Any CPU.Build.0 = Debug|Any CPU
		{8AF60505-1387-4D74-8B60-36489E48C196}.Release|Any CPU.ActiveCfg = Release|Any CPU
		{8AF60505-1387-4D74-8B60-36489E48C196}.Release|Any CPU.Build.0 = Release|Any CPU
		{151B9895-E0B6-4E02-AF7E-BC67B93551D0}.Debug|Any CPU.ActiveCfg = Debug|Any CPU
		{151B9895-E0B6-4E02-AF7E-BC67B93551D0}.Debug|Any CPU.Build.0 = Debug|Any CPU
		{151B9895-E0B6-4E02-AF7E-BC67B93551D0}.Release|Any CPU.ActiveCfg = Release|Any CPU
		{151B9895-E0B6-4E02-AF7E-BC67B93551D0}.Release|Any CPU.Build.0 = Release|Any CPU
		{4D51D159-F6C8-4D2D-BFE5-F8BDAF07198E}.Debug|Any CPU.ActiveCfg = Debug|Any CPU
		{4D51D159-F6C8-4D2D-BFE5-F8BDAF07198E}.Debug|Any CPU.Build.0 = Debug|Any CPU
		{4D51D159-F6C8-4D2D-BFE5-F8BDAF07198E}.Release|Any CPU.ActiveCfg = Release|Any CPU
		{4D51D159-F6C8-4D2D-BFE5-F8BDAF07198E}.Release|Any CPU.Build.0 = Release|Any CPU
		{AD02C86F-6543-468E-ACDB-6B3DF0A735A8}.Debug|Any CPU.ActiveCfg = Debug|Any CPU
		{AD02C86F-6543-468E-ACDB-6B3DF0A735A8}.Debug|Any CPU.Build.0 = Debug|Any CPU
		{AD02C86F-6543-468E-ACDB-6B3DF0A735A8}.Release|Any CPU.ActiveCfg = Release|Any CPU
		{AD02C86F-6543-468E-ACDB-6B3DF0A735A8}.Release|Any CPU.Build.0 = Release|Any CPU
		{76CD8AD9-00C7-4AEF-B0C2-89235C523D67}.Debug|Any CPU.ActiveCfg = Debug|Any CPU
		{76CD8AD9-00C7-4AEF-B0C2-89235C523D67}.Debug|Any CPU.Build.0 = Debug|Any CPU
		{76CD8AD9-00C7-4AEF-B0C2-89235C523D67}.Release|Any CPU.ActiveCfg = Release|Any CPU
		{76CD8AD9-00C7-4AEF-B0C2-89235C523D67}.Release|Any CPU.Build.0 = Release|Any CPU
	EndGlobalSection
	GlobalSection(SolutionProperties) = preSolution
		HideSolutionNode = FALSE
	EndGlobalSection
EndGlobal
