
Microsoft Visual Studio Solution File, Format Version 12.00
# Visual Studio 14
VisualStudioVersion = 14.0.25420.1
MinimumVisualStudioVersion = 10.0.40219.1
Project("{FAE04EC0-301F-11D3-BF4B-00C04F79EFBC}") = "01.RemoveNegativesAndReverse", "01.RemoveNegativesAndReverse\01.RemoveNegativesAndReverse.csproj", "{03799D5D-E9F2-4291-8A19-8B23071E6503}"
EndProject
Project("{FAE04EC0-301F-11D3-BF4B-00C04F79EFBC}") = "02.AppendLists", "02.AppendLists\02.AppendLists.csproj", "{8954CCD6-E8EC-4B19-B8B3-9F7984CB03E0}"
EndProject
Project("{FAE04EC0-301F-11D3-BF4B-00C04F79EFBC}") = "03.SumAdjacentEqualNumbers", "03.SumAdjacentEqualNumbers\03.SumAdjacentEqualNumbers.csproj", "{E2AC2B27-6436-46BF-BA82-002E794309E1}"
EndProject
Project("{FAE04EC0-301F-11D3-BF4B-00C04F79EFBC}") = "04.SplitByWordCasing", "04.SplitByWordCasing\04.SplitByWordCasing.csproj", "{A53F66CD-5F44-4CC3-9395-B13A9773FBAF}"
EndProject
Project("{FAE04EC0-301F-11D3-BF4B-00C04F79EFBC}") = "05.SortNumbers", "05.SortNumbers\05.SortNumbers.csproj", "{92AFAEAF-670B-4A61-A618-CFE9FE885DED}"
EndProject
Project("{FAE04EC0-301F-11D3-BF4B-00C04F79EFBC}") = "06.SquareNumbers", "06.SquareNumbers\06.SquareNumbers.csproj", "{2890CF99-B0DA-4C42-BDFA-10D94B7B21F6}"
EndProject
Project("{FAE04EC0-301F-11D3-BF4B-00C04F79EFBC}") = "07.CountNumbers", "07.CountNumbers\07.CountNumbers.csproj", "{BDD827C0-CC19-49A7-9DC6-5859817CDF02}"
EndProject
Project("{FAE04EC0-301F-11D3-BF4B-00C04F79EFBC}") = "08.MatrixOfLetters", "08.MatrixOfLetters\08.MatrixOfLetters.csproj", "{F752F853-4E7C-47C7-B428-AC55410B8727}"
EndProject
Project("{FAE04EC0-301F-11D3-BF4B-00C04F79EFBC}") = "09.RotateAMatrix", "09.RotateAMatrix\09.RotateAMatrix.csproj", "{6B1DA393-277C-4FDB-B8C3-FADC70601586}"
EndProject
Global
	GlobalSection(SolutionConfigurationPlatforms) = preSolution
		Debug|Any CPU = Debug|Any CPU
		Release|Any CPU = Release|Any CPU
	EndGlobalSection
	GlobalSection(ProjectConfigurationPlatforms) = postSolution
		{03799D5D-E9F2-4291-8A19-8B23071E6503}.Debug|Any CPU.ActiveCfg = Debug|Any CPU
		{03799D5D-E9F2-4291-8A19-8B23071E6503}.Debug|Any CPU.Build.0 = Debug|Any CPU
		{03799D5D-E9F2-4291-8A19-8B23071E6503}.Release|Any CPU.ActiveCfg = Release|Any CPU
		{03799D5D-E9F2-4291-8A19-8B23071E6503}.Release|Any CPU.Build.0 = Release|Any CPU
		{8954CCD6-E8EC-4B19-B8B3-9F7984CB03E0}.Debug|Any CPU.ActiveCfg = Debug|Any CPU
		{8954CCD6-E8EC-4B19-B8B3-9F7984CB03E0}.Debug|Any CPU.Build.0 = Debug|Any CPU
		{8954CCD6-E8EC-4B19-B8B3-9F7984CB03E0}.Release|Any CPU.ActiveCfg = Release|Any CPU
		{8954CCD6-E8EC-4B19-B8B3-9F7984CB03E0}.Release|Any CPU.Build.0 = Release|Any CPU
		{E2AC2B27-6436-46BF-BA82-002E794309E1}.Debug|Any CPU.ActiveCfg = Debug|Any CPU
		{E2AC2B27-6436-46BF-BA82-002E794309E1}.Debug|Any CPU.Build.0 = Debug|Any CPU
		{E2AC2B27-6436-46BF-BA82-002E794309E1}.Release|Any CPU.ActiveCfg = Release|Any CPU
		{E2AC2B27-6436-46BF-BA82-002E794309E1}.Release|Any CPU.Build.0 = Release|Any CPU
		{A53F66CD-5F44-4CC3-9395-B13A9773FBAF}.Debug|Any CPU.ActiveCfg = Debug|Any CPU
		{A53F66CD-5F44-4CC3-9395-B13A9773FBAF}.Debug|Any CPU.Build.0 = Debug|Any CPU
		{A53F66CD-5F44-4CC3-9395-B13A9773FBAF}.Release|Any CPU.ActiveCfg = Release|Any CPU
		{A53F66CD-5F44-4CC3-9395-B13A9773FBAF}.Release|Any CPU.Build.0 = Release|Any CPU
		{92AFAEAF-670B-4A61-A618-CFE9FE885DED}.Debug|Any CPU.ActiveCfg = Debug|Any CPU
		{92AFAEAF-670B-4A61-A618-CFE9FE885DED}.Debug|Any CPU.Build.0 = Debug|Any CPU
		{92AFAEAF-670B-4A61-A618-CFE9FE885DED}.Release|Any CPU.ActiveCfg = Release|Any CPU
		{92AFAEAF-670B-4A61-A618-CFE9FE885DED}.Release|Any CPU.Build.0 = Release|Any CPU
		{2890CF99-B0DA-4C42-BDFA-10D94B7B21F6}.Debug|Any CPU.ActiveCfg = Debug|Any CPU
		{2890CF99-B0DA-4C42-BDFA-10D94B7B21F6}.Debug|Any CPU.Build.0 = Debug|Any CPU
		{2890CF99-B0DA-4C42-BDFA-10D94B7B21F6}.Release|Any CPU.ActiveCfg = Release|Any CPU
		{2890CF99-B0DA-4C42-BDFA-10D94B7B21F6}.Release|Any CPU.Build.0 = Release|Any CPU
		{BDD827C0-CC19-49A7-9DC6-5859817CDF02}.Debug|Any CPU.ActiveCfg = Debug|Any CPU
		{BDD827C0-CC19-49A7-9DC6-5859817CDF02}.Debug|Any CPU.Build.0 = Debug|Any CPU
		{BDD827C0-CC19-49A7-9DC6-5859817CDF02}.Release|Any CPU.ActiveCfg = Release|Any CPU
		{BDD827C0-CC19-49A7-9DC6-5859817CDF02}.Release|Any CPU.Build.0 = Release|Any CPU
		{F752F853-4E7C-47C7-B428-AC55410B8727}.Debug|Any CPU.ActiveCfg = Debug|Any CPU
		{F752F853-4E7C-47C7-B428-AC55410B8727}.Debug|Any CPU.Build.0 = Debug|Any CPU
		{F752F853-4E7C-47C7-B428-AC55410B8727}.Release|Any CPU.ActiveCfg = Release|Any CPU
		{F752F853-4E7C-47C7-B428-AC55410B8727}.Release|Any CPU.Build.0 = Release|Any CPU
		{6B1DA393-277C-4FDB-B8C3-FADC70601586}.Debug|Any CPU.ActiveCfg = Debug|Any CPU
		{6B1DA393-277C-4FDB-B8C3-FADC70601586}.Debug|Any CPU.Build.0 = Debug|Any CPU
		{6B1DA393-277C-4FDB-B8C3-FADC70601586}.Release|Any CPU.ActiveCfg = Release|Any CPU
		{6B1DA393-277C-4FDB-B8C3-FADC70601586}.Release|Any CPU.Build.0 = Release|Any CPU
	EndGlobalSection
	GlobalSection(SolutionProperties) = preSolution
		HideSolutionNode = FALSE
	EndGlobalSection
EndGlobal
