
Microsoft Visual Studio Solution File, Format Version 12.00
# Visual Studio 15
VisualStudioVersion = 15.0.26430.14
MinimumVisualStudioVersion = 10.0.40219.1
Project("{FAE04EC0-301F-11D3-BF4B-00C04F79EFBC}") = "01.BankAccount", "01.BankAccount\01.BankAccount.csproj", "{690C81D6-55EB-411D-9C3D-1376F3868B0F}"
EndProject
Project("{2150E333-8FDC-42A3-9474-1A3956D46DE8}") = "01.DefiningClasses-Lab", "01.DefiningClasses-Lab", "{DA49773F-BD23-4BF3-BA1D-FEC9791E5A3E}"
EndProject
Project("{2150E333-8FDC-42A3-9474-1A3956D46DE8}") = "02.DefiningClasses-Exercises", "02.DefiningClasses-Exercises", "{1432555A-9EC2-46A2-A637-4441C85AB0D7}"
EndProject
Project("{FAE04EC0-301F-11D3-BF4B-00C04F79EFBC}") = "04.OpinionPoll", "04.OpinionPoll\04.OpinionPoll.csproj", "{52E2B6DE-B86B-4429-843C-C8FC4D6094A3}"
EndProject
Project("{FAE04EC0-301F-11D3-BF4B-00C04F79EFBC}") = "01.DefiningClass-Exercises", "01.DefiningClass-Exercises-1-3\01.DefiningClass-Exercises.csproj", "{CF589BC4-A155-4AD8-9141-DC59385AF78B}"
EndProject
Project("{FAE04EC0-301F-11D3-BF4B-00C04F79EFBC}") = "05.DateModifier", "05.DateModifier\05.DateModifier.csproj", "{2685C6BB-DAD2-404B-AF28-AD13BED6C458}"
EndProject
Project("{FAE04EC0-301F-11D3-BF4B-00C04F79EFBC}") = "06.CompanyRoster", "06.CompanyRoster\06.CompanyRoster.csproj", "{D9057E57-A5AC-489C-A7FF-CE8090737981}"
EndProject
Project("{FAE04EC0-301F-11D3-BF4B-00C04F79EFBC}") = "07.SpeedRacing", "07.SpeedRacing\07.SpeedRacing.csproj", "{E822DCC8-4A73-4A50-A124-F2644AE0A889}"
EndProject
Project("{FAE04EC0-301F-11D3-BF4B-00C04F79EFBC}") = "08.RawData", "08.RawData\08.RawData.csproj", "{D9B82F1F-E182-4871-BE8A-95508F7FF34C}"
EndProject
Project("{FAE04EC0-301F-11D3-BF4B-00C04F79EFBC}") = "09.RectangleIntersection", "09.RectangleIntersection\09.RectangleIntersection.csproj", "{11CCC11C-E426-4BBE-A3D8-3F1394A65E62}"
EndProject
Project("{FAE04EC0-301F-11D3-BF4B-00C04F79EFBC}") = "10.CarSalesman", "10.CarSalesman\10.CarSalesman.csproj", "{97FDA7CC-6389-4747-9E56-64E220ED44E9}"
EndProject
Project("{FAE04EC0-301F-11D3-BF4B-00C04F79EFBC}") = "11.PokemonTrainer", "11.PokemonTrainer\11.PokemonTrainer.csproj", "{57775CF7-D623-4A7A-8C1E-D62F76AE3279}"
EndProject
Project("{FAE04EC0-301F-11D3-BF4B-00C04F79EFBC}") = "12.Google", "12.Google\12.Google.csproj", "{3879859F-F82A-4942-877E-DE5EE2680736}"
EndProject
Project("{FAE04EC0-301F-11D3-BF4B-00C04F79EFBC}") = "13.FamilyTree", "13.FamilyTree\13.FamilyTree.csproj", "{3A478A11-B04E-4029-900E-55324C97CDF1}"
EndProject
Project("{FAE04EC0-301F-11D3-BF4B-00C04F79EFBC}") = "15.DrawingTool", "15.DrawingTool\15.DrawingTool.csproj", "{F9D3AA56-5849-4BC6-8E6E-550E42E315C1}"
EndProject
Global
	GlobalSection(SolutionConfigurationPlatforms) = preSolution
		Debug|Any CPU = Debug|Any CPU
		Release|Any CPU = Release|Any CPU
	EndGlobalSection
	GlobalSection(ProjectConfigurationPlatforms) = postSolution
		{690C81D6-55EB-411D-9C3D-1376F3868B0F}.Debug|Any CPU.ActiveCfg = Debug|Any CPU
		{690C81D6-55EB-411D-9C3D-1376F3868B0F}.Debug|Any CPU.Build.0 = Debug|Any CPU
		{690C81D6-55EB-411D-9C3D-1376F3868B0F}.Release|Any CPU.ActiveCfg = Release|Any CPU
		{690C81D6-55EB-411D-9C3D-1376F3868B0F}.Release|Any CPU.Build.0 = Release|Any CPU
		{52E2B6DE-B86B-4429-843C-C8FC4D6094A3}.Debug|Any CPU.ActiveCfg = Debug|Any CPU
		{52E2B6DE-B86B-4429-843C-C8FC4D6094A3}.Debug|Any CPU.Build.0 = Debug|Any CPU
		{52E2B6DE-B86B-4429-843C-C8FC4D6094A3}.Release|Any CPU.ActiveCfg = Release|Any CPU
		{52E2B6DE-B86B-4429-843C-C8FC4D6094A3}.Release|Any CPU.Build.0 = Release|Any CPU
		{CF589BC4-A155-4AD8-9141-DC59385AF78B}.Debug|Any CPU.ActiveCfg = Debug|Any CPU
		{CF589BC4-A155-4AD8-9141-DC59385AF78B}.Debug|Any CPU.Build.0 = Debug|Any CPU
		{CF589BC4-A155-4AD8-9141-DC59385AF78B}.Release|Any CPU.ActiveCfg = Release|Any CPU
		{CF589BC4-A155-4AD8-9141-DC59385AF78B}.Release|Any CPU.Build.0 = Release|Any CPU
		{2685C6BB-DAD2-404B-AF28-AD13BED6C458}.Debug|Any CPU.ActiveCfg = Debug|Any CPU
		{2685C6BB-DAD2-404B-AF28-AD13BED6C458}.Debug|Any CPU.Build.0 = Debug|Any CPU
		{2685C6BB-DAD2-404B-AF28-AD13BED6C458}.Release|Any CPU.ActiveCfg = Release|Any CPU
		{2685C6BB-DAD2-404B-AF28-AD13BED6C458}.Release|Any CPU.Build.0 = Release|Any CPU
		{D9057E57-A5AC-489C-A7FF-CE8090737981}.Debug|Any CPU.ActiveCfg = Debug|Any CPU
		{D9057E57-A5AC-489C-A7FF-CE8090737981}.Debug|Any CPU.Build.0 = Debug|Any CPU
		{D9057E57-A5AC-489C-A7FF-CE8090737981}.Release|Any CPU.ActiveCfg = Release|Any CPU
		{D9057E57-A5AC-489C-A7FF-CE8090737981}.Release|Any CPU.Build.0 = Release|Any CPU
		{E822DCC8-4A73-4A50-A124-F2644AE0A889}.Debug|Any CPU.ActiveCfg = Debug|Any CPU
		{E822DCC8-4A73-4A50-A124-F2644AE0A889}.Debug|Any CPU.Build.0 = Debug|Any CPU
		{E822DCC8-4A73-4A50-A124-F2644AE0A889}.Release|Any CPU.ActiveCfg = Release|Any CPU
		{E822DCC8-4A73-4A50-A124-F2644AE0A889}.Release|Any CPU.Build.0 = Release|Any CPU
		{D9B82F1F-E182-4871-BE8A-95508F7FF34C}.Debug|Any CPU.ActiveCfg = Debug|Any CPU
		{D9B82F1F-E182-4871-BE8A-95508F7FF34C}.Debug|Any CPU.Build.0 = Debug|Any CPU
		{D9B82F1F-E182-4871-BE8A-95508F7FF34C}.Release|Any CPU.ActiveCfg = Release|Any CPU
		{D9B82F1F-E182-4871-BE8A-95508F7FF34C}.Release|Any CPU.Build.0 = Release|Any CPU
		{11CCC11C-E426-4BBE-A3D8-3F1394A65E62}.Debug|Any CPU.ActiveCfg = Debug|Any CPU
		{11CCC11C-E426-4BBE-A3D8-3F1394A65E62}.Debug|Any CPU.Build.0 = Debug|Any CPU
		{11CCC11C-E426-4BBE-A3D8-3F1394A65E62}.Release|Any CPU.ActiveCfg = Release|Any CPU
		{11CCC11C-E426-4BBE-A3D8-3F1394A65E62}.Release|Any CPU.Build.0 = Release|Any CPU
		{97FDA7CC-6389-4747-9E56-64E220ED44E9}.Debug|Any CPU.ActiveCfg = Debug|Any CPU
		{97FDA7CC-6389-4747-9E56-64E220ED44E9}.Debug|Any CPU.Build.0 = Debug|Any CPU
		{97FDA7CC-6389-4747-9E56-64E220ED44E9}.Release|Any CPU.ActiveCfg = Release|Any CPU
		{97FDA7CC-6389-4747-9E56-64E220ED44E9}.Release|Any CPU.Build.0 = Release|Any CPU
		{57775CF7-D623-4A7A-8C1E-D62F76AE3279}.Debug|Any CPU.ActiveCfg = Debug|Any CPU
		{57775CF7-D623-4A7A-8C1E-D62F76AE3279}.Debug|Any CPU.Build.0 = Debug|Any CPU
		{57775CF7-D623-4A7A-8C1E-D62F76AE3279}.Release|Any CPU.ActiveCfg = Release|Any CPU
		{57775CF7-D623-4A7A-8C1E-D62F76AE3279}.Release|Any CPU.Build.0 = Release|Any CPU
		{3879859F-F82A-4942-877E-DE5EE2680736}.Debug|Any CPU.ActiveCfg = Debug|Any CPU
		{3879859F-F82A-4942-877E-DE5EE2680736}.Debug|Any CPU.Build.0 = Debug|Any CPU
		{3879859F-F82A-4942-877E-DE5EE2680736}.Release|Any CPU.ActiveCfg = Release|Any CPU
		{3879859F-F82A-4942-877E-DE5EE2680736}.Release|Any CPU.Build.0 = Release|Any CPU
		{3A478A11-B04E-4029-900E-55324C97CDF1}.Debug|Any CPU.ActiveCfg = Debug|Any CPU
		{3A478A11-B04E-4029-900E-55324C97CDF1}.Debug|Any CPU.Build.0 = Debug|Any CPU
		{3A478A11-B04E-4029-900E-55324C97CDF1}.Release|Any CPU.ActiveCfg = Release|Any CPU
		{3A478A11-B04E-4029-900E-55324C97CDF1}.Release|Any CPU.Build.0 = Release|Any CPU
		{F9D3AA56-5849-4BC6-8E6E-550E42E315C1}.Debug|Any CPU.ActiveCfg = Debug|Any CPU
		{F9D3AA56-5849-4BC6-8E6E-550E42E315C1}.Debug|Any CPU.Build.0 = Debug|Any CPU
		{F9D3AA56-5849-4BC6-8E6E-550E42E315C1}.Release|Any CPU.ActiveCfg = Release|Any CPU
		{F9D3AA56-5849-4BC6-8E6E-550E42E315C1}.Release|Any CPU.Build.0 = Release|Any CPU
	EndGlobalSection
	GlobalSection(SolutionProperties) = preSolution
		HideSolutionNode = FALSE
	EndGlobalSection
	GlobalSection(NestedProjects) = preSolution
		{690C81D6-55EB-411D-9C3D-1376F3868B0F} = {DA49773F-BD23-4BF3-BA1D-FEC9791E5A3E}
		{52E2B6DE-B86B-4429-843C-C8FC4D6094A3} = {1432555A-9EC2-46A2-A637-4441C85AB0D7}
		{CF589BC4-A155-4AD8-9141-DC59385AF78B} = {1432555A-9EC2-46A2-A637-4441C85AB0D7}
		{2685C6BB-DAD2-404B-AF28-AD13BED6C458} = {1432555A-9EC2-46A2-A637-4441C85AB0D7}
		{D9057E57-A5AC-489C-A7FF-CE8090737981} = {1432555A-9EC2-46A2-A637-4441C85AB0D7}
		{E822DCC8-4A73-4A50-A124-F2644AE0A889} = {1432555A-9EC2-46A2-A637-4441C85AB0D7}
		{D9B82F1F-E182-4871-BE8A-95508F7FF34C} = {1432555A-9EC2-46A2-A637-4441C85AB0D7}
		{11CCC11C-E426-4BBE-A3D8-3F1394A65E62} = {1432555A-9EC2-46A2-A637-4441C85AB0D7}
		{97FDA7CC-6389-4747-9E56-64E220ED44E9} = {1432555A-9EC2-46A2-A637-4441C85AB0D7}
		{57775CF7-D623-4A7A-8C1E-D62F76AE3279} = {1432555A-9EC2-46A2-A637-4441C85AB0D7}
		{3879859F-F82A-4942-877E-DE5EE2680736} = {1432555A-9EC2-46A2-A637-4441C85AB0D7}
		{3A478A11-B04E-4029-900E-55324C97CDF1} = {1432555A-9EC2-46A2-A637-4441C85AB0D7}
		{F9D3AA56-5849-4BC6-8E6E-550E42E315C1} = {1432555A-9EC2-46A2-A637-4441C85AB0D7}
	EndGlobalSection
EndGlobal
