
Microsoft Visual Studio Solution File, Format Version 12.00
# Visual Studio 15
VisualStudioVersion = 15.0.26430.12
MinimumVisualStudioVersion = 10.0.40219.1
Project("{FAE04EC0-301F-11D3-BF4B-00C04F79EFBC}") = "BashSoft", "BashSoft\BashSoft.csproj", "{61BD7BC8-2C64-47CE-8CC2-9BCE8F708E7D}"
EndProject
Project("{FAE04EC0-301F-11D3-BF4B-00C04F79EFBC}") = "SimpleJudge", "SimpleJudge\SimpleJudge.csproj", "{267E9C2E-3630-440B-BFC9-F663BDC067A7}"
EndProject
Global
	GlobalSection(SolutionConfigurationPlatforms) = preSolution
		Debug|Any CPU = Debug|Any CPU
		Release|Any CPU = Release|Any CPU
	EndGlobalSection
	GlobalSection(ProjectConfigurationPlatforms) = postSolution
		{61BD7BC8-2C64-47CE-8CC2-9BCE8F708E7D}.Debug|Any CPU.ActiveCfg = Debug|Any CPU
		{61BD7BC8-2C64-47CE-8CC2-9BCE8F708E7D}.Debug|Any CPU.Build.0 = Debug|Any CPU
		{61BD7BC8-2C64-47CE-8CC2-9BCE8F708E7D}.Release|Any CPU.ActiveCfg = Release|Any CPU
		{61BD7BC8-2C64-47CE-8CC2-9BCE8F708E7D}.Release|Any CPU.Build.0 = Release|Any CPU
		{267E9C2E-3630-440B-BFC9-F663BDC067A7}.Debug|Any CPU.ActiveCfg = Debug|Any CPU
		{267E9C2E-3630-440B-BFC9-F663BDC067A7}.Debug|Any CPU.Build.0 = Debug|Any CPU
		{267E9C2E-3630-440B-BFC9-F663BDC067A7}.Release|Any CPU.ActiveCfg = Release|Any CPU
		{267E9C2E-3630-440B-BFC9-F663BDC067A7}.Release|Any CPU.Build.0 = Release|Any CPU
	EndGlobalSection
	GlobalSection(SolutionProperties) = preSolution
		HideSolutionNode = FALSE
	EndGlobalSection
EndGlobal
