
Microsoft Visual Studio Solution File, Format Version 12.00
# Visual Studio 15
VisualStudioVersion = 15.0.26430.16
MinimumVisualStudioVersion = 10.0.40219.1
Project("{FAE04EC0-301F-11D3-BF4B-00C04F79EFBC}") = "01.WeekDay", "01.WeekDay\01.WeekDay.csproj", "{7AF7AEB1-3819-4029-872C-E8EE17118F05}"
EndProject
Project("{2150E333-8FDC-42A3-9474-1A3956D46DE8}") = "01.EnumerationsAndAttributes-Lab", "01.EnumerationsAndAttributes-Lab", "{3764FD59-AC97-44EB-A13B-70FB5D7239A1}"
EndProject
Project("{2150E333-8FDC-42A3-9474-1A3956D46DE8}") = "02.EnumerationsAndAttributes-Exercises", "02.EnumerationsAndAttributes-Exercises", "{5453ADA8-7B04-48C3-A3A2-5E895772A123}"
EndProject
Project("{FAE04EC0-301F-11D3-BF4B-00C04F79EFBC}") = "02.CoffeeMachine", "02.CoffeeMachine\02.CoffeeMachine.csproj", "{7732246C-09AE-41A0-AF56-FC9A18775B14}"
EndProject
Project("{FAE04EC0-301F-11D3-BF4B-00C04F79EFBC}") = "03.Attributes", "03.Attributes\03.Attributes.csproj", "{15B08372-98E4-49C9-BFBC-D8E88B8A67F6}"
EndProject
Project("{FAE04EC0-301F-11D3-BF4B-00C04F79EFBC}") = "01.CardSuit", "01.CardSuit\01.CardSuit.csproj", "{9BF74912-8E0F-4490-9CC3-C5B0E27D8AC2}"
EndProject
Project("{FAE04EC0-301F-11D3-BF4B-00C04F79EFBC}") = "02.CardRank", "02.CardRank\02.CardRank.csproj", "{D1F0BD05-C8D1-41A5-9C92-D5C4EF4B03B7}"
EndProject
Project("{FAE04EC0-301F-11D3-BF4B-00C04F79EFBC}") = "03.CardPower", "03.CardPower\03.CardPower.csproj", "{CC60429A-D0AF-40C9-A22D-BAC3DAA599FD}"
EndProject
Project("{FAE04EC0-301F-11D3-BF4B-00C04F79EFBC}") = "06.CustomEnumAttribute", "06.CustomEnumAttribute\06.CustomEnumAttribute.csproj", "{7165CDE2-48F7-415E-AB89-E0B68FB5F6B7}"
EndProject
Project("{FAE04EC0-301F-11D3-BF4B-00C04F79EFBC}") = "07.DeckOfCards", "07.DeckOfCards\07.DeckOfCards.csproj", "{91A83631-909F-471E-BB5E-6B21B635A7C7}"
EndProject
Project("{FAE04EC0-301F-11D3-BF4B-00C04F79EFBC}") = "08.CardProblem", "08.CardGame\08.CardProblem.csproj", "{71222FA2-C822-4137-A998-52BF0A6ADC9A}"
EndProject
Project("{FAE04EC0-301F-11D3-BF4B-00C04F79EFBC}") = "09.TrafficLights", "09.TrafficLights\09.TrafficLights.csproj", "{A7E40779-DBFE-4DE2-9E80-6B674F99AE47}"
EndProject
Project("{FAE04EC0-301F-11D3-BF4B-00C04F79EFBC}") = "10.CreateCustomClassAtrribute", "10.CreateCustomClassAttribute\10.CreateCustomClassAtrribute.csproj", "{0E972925-0D91-49BC-B6BE-59039423179A}"
EndProject
Global
	GlobalSection(SolutionConfigurationPlatforms) = preSolution
		Debug|Any CPU = Debug|Any CPU
		Release|Any CPU = Release|Any CPU
	EndGlobalSection
	GlobalSection(ProjectConfigurationPlatforms) = postSolution
		{7AF7AEB1-3819-4029-872C-E8EE17118F05}.Debug|Any CPU.ActiveCfg = Debug|Any CPU
		{7AF7AEB1-3819-4029-872C-E8EE17118F05}.Debug|Any CPU.Build.0 = Debug|Any CPU
		{7AF7AEB1-3819-4029-872C-E8EE17118F05}.Release|Any CPU.ActiveCfg = Release|Any CPU
		{7AF7AEB1-3819-4029-872C-E8EE17118F05}.Release|Any CPU.Build.0 = Release|Any CPU
		{7732246C-09AE-41A0-AF56-FC9A18775B14}.Debug|Any CPU.ActiveCfg = Debug|Any CPU
		{7732246C-09AE-41A0-AF56-FC9A18775B14}.Debug|Any CPU.Build.0 = Debug|Any CPU
		{7732246C-09AE-41A0-AF56-FC9A18775B14}.Release|Any CPU.ActiveCfg = Release|Any CPU
		{7732246C-09AE-41A0-AF56-FC9A18775B14}.Release|Any CPU.Build.0 = Release|Any CPU
		{15B08372-98E4-49C9-BFBC-D8E88B8A67F6}.Debug|Any CPU.ActiveCfg = Debug|Any CPU
		{15B08372-98E4-49C9-BFBC-D8E88B8A67F6}.Debug|Any CPU.Build.0 = Debug|Any CPU
		{15B08372-98E4-49C9-BFBC-D8E88B8A67F6}.Release|Any CPU.ActiveCfg = Release|Any CPU
		{15B08372-98E4-49C9-BFBC-D8E88B8A67F6}.Release|Any CPU.Build.0 = Release|Any CPU
		{9BF74912-8E0F-4490-9CC3-C5B0E27D8AC2}.Debug|Any CPU.ActiveCfg = Debug|Any CPU
		{9BF74912-8E0F-4490-9CC3-C5B0E27D8AC2}.Debug|Any CPU.Build.0 = Debug|Any CPU
		{9BF74912-8E0F-4490-9CC3-C5B0E27D8AC2}.Release|Any CPU.ActiveCfg = Release|Any CPU
		{9BF74912-8E0F-4490-9CC3-C5B0E27D8AC2}.Release|Any CPU.Build.0 = Release|Any CPU
		{D1F0BD05-C8D1-41A5-9C92-D5C4EF4B03B7}.Debug|Any CPU.ActiveCfg = Debug|Any CPU
		{D1F0BD05-C8D1-41A5-9C92-D5C4EF4B03B7}.Debug|Any CPU.Build.0 = Debug|Any CPU
		{D1F0BD05-C8D1-41A5-9C92-D5C4EF4B03B7}.Release|Any CPU.ActiveCfg = Release|Any CPU
		{D1F0BD05-C8D1-41A5-9C92-D5C4EF4B03B7}.Release|Any CPU.Build.0 = Release|Any CPU
		{CC60429A-D0AF-40C9-A22D-BAC3DAA599FD}.Debug|Any CPU.ActiveCfg = Debug|Any CPU
		{CC60429A-D0AF-40C9-A22D-BAC3DAA599FD}.Debug|Any CPU.Build.0 = Debug|Any CPU
		{CC60429A-D0AF-40C9-A22D-BAC3DAA599FD}.Release|Any CPU.ActiveCfg = Release|Any CPU
		{CC60429A-D0AF-40C9-A22D-BAC3DAA599FD}.Release|Any CPU.Build.0 = Release|Any CPU
		{7165CDE2-48F7-415E-AB89-E0B68FB5F6B7}.Debug|Any CPU.ActiveCfg = Debug|Any CPU
		{7165CDE2-48F7-415E-AB89-E0B68FB5F6B7}.Debug|Any CPU.Build.0 = Debug|Any CPU
		{7165CDE2-48F7-415E-AB89-E0B68FB5F6B7}.Release|Any CPU.ActiveCfg = Release|Any CPU
		{7165CDE2-48F7-415E-AB89-E0B68FB5F6B7}.Release|Any CPU.Build.0 = Release|Any CPU
		{91A83631-909F-471E-BB5E-6B21B635A7C7}.Debug|Any CPU.ActiveCfg = Debug|Any CPU
		{91A83631-909F-471E-BB5E-6B21B635A7C7}.Debug|Any CPU.Build.0 = Debug|Any CPU
		{91A83631-909F-471E-BB5E-6B21B635A7C7}.Release|Any CPU.ActiveCfg = Release|Any CPU
		{91A83631-909F-471E-BB5E-6B21B635A7C7}.Release|Any CPU.Build.0 = Release|Any CPU
		{71222FA2-C822-4137-A998-52BF0A6ADC9A}.Debug|Any CPU.ActiveCfg = Debug|Any CPU
		{71222FA2-C822-4137-A998-52BF0A6ADC9A}.Debug|Any CPU.Build.0 = Debug|Any CPU
		{71222FA2-C822-4137-A998-52BF0A6ADC9A}.Release|Any CPU.ActiveCfg = Release|Any CPU
		{71222FA2-C822-4137-A998-52BF0A6ADC9A}.Release|Any CPU.Build.0 = Release|Any CPU
		{A7E40779-DBFE-4DE2-9E80-6B674F99AE47}.Debug|Any CPU.ActiveCfg = Debug|Any CPU
		{A7E40779-DBFE-4DE2-9E80-6B674F99AE47}.Debug|Any CPU.Build.0 = Debug|Any CPU
		{A7E40779-DBFE-4DE2-9E80-6B674F99AE47}.Release|Any CPU.ActiveCfg = Release|Any CPU
		{A7E40779-DBFE-4DE2-9E80-6B674F99AE47}.Release|Any CPU.Build.0 = Release|Any CPU
		{0E972925-0D91-49BC-B6BE-59039423179A}.Debug|Any CPU.ActiveCfg = Debug|Any CPU
		{0E972925-0D91-49BC-B6BE-59039423179A}.Debug|Any CPU.Build.0 = Debug|Any CPU
		{0E972925-0D91-49BC-B6BE-59039423179A}.Release|Any CPU.ActiveCfg = Release|Any CPU
		{0E972925-0D91-49BC-B6BE-59039423179A}.Release|Any CPU.Build.0 = Release|Any CPU
	EndGlobalSection
	GlobalSection(SolutionProperties) = preSolution
		HideSolutionNode = FALSE
	EndGlobalSection
	GlobalSection(NestedProjects) = preSolution
		{7AF7AEB1-3819-4029-872C-E8EE17118F05} = {3764FD59-AC97-44EB-A13B-70FB5D7239A1}
		{7732246C-09AE-41A0-AF56-FC9A18775B14} = {3764FD59-AC97-44EB-A13B-70FB5D7239A1}
		{15B08372-98E4-49C9-BFBC-D8E88B8A67F6} = {3764FD59-AC97-44EB-A13B-70FB5D7239A1}
		{9BF74912-8E0F-4490-9CC3-C5B0E27D8AC2} = {5453ADA8-7B04-48C3-A3A2-5E895772A123}
		{D1F0BD05-C8D1-41A5-9C92-D5C4EF4B03B7} = {5453ADA8-7B04-48C3-A3A2-5E895772A123}
		{CC60429A-D0AF-40C9-A22D-BAC3DAA599FD} = {5453ADA8-7B04-48C3-A3A2-5E895772A123}
		{7165CDE2-48F7-415E-AB89-E0B68FB5F6B7} = {5453ADA8-7B04-48C3-A3A2-5E895772A123}
		{91A83631-909F-471E-BB5E-6B21B635A7C7} = {5453ADA8-7B04-48C3-A3A2-5E895772A123}
		{71222FA2-C822-4137-A998-52BF0A6ADC9A} = {5453ADA8-7B04-48C3-A3A2-5E895772A123}
		{A7E40779-DBFE-4DE2-9E80-6B674F99AE47} = {5453ADA8-7B04-48C3-A3A2-5E895772A123}
		{0E972925-0D91-49BC-B6BE-59039423179A} = {5453ADA8-7B04-48C3-A3A2-5E895772A123}
	EndGlobalSection
EndGlobal
