
Microsoft Visual Studio Solution File, Format Version 12.00
# Visual Studio 15
VisualStudioVersion = 15.0.26430.12
MinimumVisualStudioVersion = 10.0.40219.1
Project("{2150E333-8FDC-42A3-9474-1A3956D46DE8}") = "01.Matrices-Lab", "01.Matrices-Lab", "{555F98FF-43AB-490B-AD77-44CC99E619D1}"
EndProject
Project("{2150E333-8FDC-42A3-9474-1A3956D46DE8}") = "02.Matrices-Exercises", "02.Matrices-Exercises", "{16C14D88-1CF2-4C5D-AFFB-45819FDC1D4C}"
EndProject
Project("{FAE04EC0-301F-11D3-BF4B-00C04F79EFBC}") = "01.SumOfAllElementsOfMatrix", "01.SumOfAllElementsOfMatrix\01.SumOfAllElementsOfMatrix.csproj", "{226FB257-486C-427C-9F09-8A23FE514720}"
EndProject
Project("{FAE04EC0-301F-11D3-BF4B-00C04F79EFBC}") = "02.SquareWithMaximumSum", "02.SquareWithMaximumSum\02.SquareWithMaximumSum.csproj", "{E91A458A-DF6D-4AE8-9637-5F310C23AD72}"
EndProject
Project("{FAE04EC0-301F-11D3-BF4B-00C04F79EFBC}") = "03.GroupNumbers", "03.GroupNumbers\03.GroupNumbers.csproj", "{D59596C0-DC31-41BE-BF1B-7A7B52D8FC8F}"
EndProject
Project("{FAE04EC0-301F-11D3-BF4B-00C04F79EFBC}") = "04.PascalTriangle", "04.PascalTriangle\04.PascalTriangle.csproj", "{A4B71F4F-EF0B-42E9-B18F-0C01D80D4396}"
EndProject
Project("{FAE04EC0-301F-11D3-BF4B-00C04F79EFBC}") = "01.MatrixOfPalindromes", "01.MatrixOfPalindromes\01.MatrixOfPalindromes.csproj", "{2332EAB3-C74D-4280-B698-74C8D81FF71C}"
EndProject
Project("{FAE04EC0-301F-11D3-BF4B-00C04F79EFBC}") = "02.DiagonalDifference", "02.DiagonalDifference\02.DiagonalDifference.csproj", "{4A3DB8E6-7881-4AAE-80AC-EB282007DF1D}"
EndProject
Project("{FAE04EC0-301F-11D3-BF4B-00C04F79EFBC}") = "03.SquaresInMatrix", "03.SquaresInMatrix\03.SquaresInMatrix.csproj", "{AE1934C6-C52F-415E-B918-753DB909B4AC}"
EndProject
Project("{FAE04EC0-301F-11D3-BF4B-00C04F79EFBC}") = "04.MaximalSum", "04.MaximalSum\04.MaximalSum.csproj", "{470AE381-3D63-4DB6-9769-D39763DE0BD3}"
EndProject
Project("{FAE04EC0-301F-11D3-BF4B-00C04F79EFBC}") = "05.RubiksMatrix", "05.RubiksMatrix\05.RubiksMatrix.csproj", "{B58335C1-2190-4D2B-AEBD-E43868D89E5B}"
EndProject
Global
	GlobalSection(SolutionConfigurationPlatforms) = preSolution
		Debug|Any CPU = Debug|Any CPU
		Release|Any CPU = Release|Any CPU
	EndGlobalSection
	GlobalSection(ProjectConfigurationPlatforms) = postSolution
		{226FB257-486C-427C-9F09-8A23FE514720}.Debug|Any CPU.ActiveCfg = Debug|Any CPU
		{226FB257-486C-427C-9F09-8A23FE514720}.Debug|Any CPU.Build.0 = Debug|Any CPU
		{226FB257-486C-427C-9F09-8A23FE514720}.Release|Any CPU.ActiveCfg = Release|Any CPU
		{226FB257-486C-427C-9F09-8A23FE514720}.Release|Any CPU.Build.0 = Release|Any CPU
		{E91A458A-DF6D-4AE8-9637-5F310C23AD72}.Debug|Any CPU.ActiveCfg = Debug|Any CPU
		{E91A458A-DF6D-4AE8-9637-5F310C23AD72}.Debug|Any CPU.Build.0 = Debug|Any CPU
		{E91A458A-DF6D-4AE8-9637-5F310C23AD72}.Release|Any CPU.ActiveCfg = Release|Any CPU
		{E91A458A-DF6D-4AE8-9637-5F310C23AD72}.Release|Any CPU.Build.0 = Release|Any CPU
		{D59596C0-DC31-41BE-BF1B-7A7B52D8FC8F}.Debug|Any CPU.ActiveCfg = Debug|Any CPU
		{D59596C0-DC31-41BE-BF1B-7A7B52D8FC8F}.Debug|Any CPU.Build.0 = Debug|Any CPU
		{D59596C0-DC31-41BE-BF1B-7A7B52D8FC8F}.Release|Any CPU.ActiveCfg = Release|Any CPU
		{D59596C0-DC31-41BE-BF1B-7A7B52D8FC8F}.Release|Any CPU.Build.0 = Release|Any CPU
		{A4B71F4F-EF0B-42E9-B18F-0C01D80D4396}.Debug|Any CPU.ActiveCfg = Debug|Any CPU
		{A4B71F4F-EF0B-42E9-B18F-0C01D80D4396}.Debug|Any CPU.Build.0 = Debug|Any CPU
		{A4B71F4F-EF0B-42E9-B18F-0C01D80D4396}.Release|Any CPU.ActiveCfg = Release|Any CPU
		{A4B71F4F-EF0B-42E9-B18F-0C01D80D4396}.Release|Any CPU.Build.0 = Release|Any CPU
		{2332EAB3-C74D-4280-B698-74C8D81FF71C}.Debug|Any CPU.ActiveCfg = Debug|Any CPU
		{2332EAB3-C74D-4280-B698-74C8D81FF71C}.Debug|Any CPU.Build.0 = Debug|Any CPU
		{2332EAB3-C74D-4280-B698-74C8D81FF71C}.Release|Any CPU.ActiveCfg = Release|Any CPU
		{2332EAB3-C74D-4280-B698-74C8D81FF71C}.Release|Any CPU.Build.0 = Release|Any CPU
		{4A3DB8E6-7881-4AAE-80AC-EB282007DF1D}.Debug|Any CPU.ActiveCfg = Debug|Any CPU
		{4A3DB8E6-7881-4AAE-80AC-EB282007DF1D}.Debug|Any CPU.Build.0 = Debug|Any CPU
		{4A3DB8E6-7881-4AAE-80AC-EB282007DF1D}.Release|Any CPU.ActiveCfg = Release|Any CPU
		{4A3DB8E6-7881-4AAE-80AC-EB282007DF1D}.Release|Any CPU.Build.0 = Release|Any CPU
		{AE1934C6-C52F-415E-B918-753DB909B4AC}.Debug|Any CPU.ActiveCfg = Debug|Any CPU
		{AE1934C6-C52F-415E-B918-753DB909B4AC}.Debug|Any CPU.Build.0 = Debug|Any CPU
		{AE1934C6-C52F-415E-B918-753DB909B4AC}.Release|Any CPU.ActiveCfg = Release|Any CPU
		{AE1934C6-C52F-415E-B918-753DB909B4AC}.Release|Any CPU.Build.0 = Release|Any CPU
		{470AE381-3D63-4DB6-9769-D39763DE0BD3}.Debug|Any CPU.ActiveCfg = Debug|Any CPU
		{470AE381-3D63-4DB6-9769-D39763DE0BD3}.Debug|Any CPU.Build.0 = Debug|Any CPU
		{470AE381-3D63-4DB6-9769-D39763DE0BD3}.Release|Any CPU.ActiveCfg = Release|Any CPU
		{470AE381-3D63-4DB6-9769-D39763DE0BD3}.Release|Any CPU.Build.0 = Release|Any CPU
		{B58335C1-2190-4D2B-AEBD-E43868D89E5B}.Debug|Any CPU.ActiveCfg = Debug|Any CPU
		{B58335C1-2190-4D2B-AEBD-E43868D89E5B}.Debug|Any CPU.Build.0 = Debug|Any CPU
		{B58335C1-2190-4D2B-AEBD-E43868D89E5B}.Release|Any CPU.ActiveCfg = Release|Any CPU
		{B58335C1-2190-4D2B-AEBD-E43868D89E5B}.Release|Any CPU.Build.0 = Release|Any CPU
	EndGlobalSection
	GlobalSection(SolutionProperties) = preSolution
		HideSolutionNode = FALSE
	EndGlobalSection
	GlobalSection(NestedProjects) = preSolution
		{226FB257-486C-427C-9F09-8A23FE514720} = {555F98FF-43AB-490B-AD77-44CC99E619D1}
		{E91A458A-DF6D-4AE8-9637-5F310C23AD72} = {555F98FF-43AB-490B-AD77-44CC99E619D1}
		{D59596C0-DC31-41BE-BF1B-7A7B52D8FC8F} = {555F98FF-43AB-490B-AD77-44CC99E619D1}
		{A4B71F4F-EF0B-42E9-B18F-0C01D80D4396} = {555F98FF-43AB-490B-AD77-44CC99E619D1}
		{2332EAB3-C74D-4280-B698-74C8D81FF71C} = {16C14D88-1CF2-4C5D-AFFB-45819FDC1D4C}
		{4A3DB8E6-7881-4AAE-80AC-EB282007DF1D} = {16C14D88-1CF2-4C5D-AFFB-45819FDC1D4C}
		{AE1934C6-C52F-415E-B918-753DB909B4AC} = {16C14D88-1CF2-4C5D-AFFB-45819FDC1D4C}
		{470AE381-3D63-4DB6-9769-D39763DE0BD3} = {16C14D88-1CF2-4C5D-AFFB-45819FDC1D4C}
		{B58335C1-2190-4D2B-AEBD-E43868D89E5B} = {16C14D88-1CF2-4C5D-AFFB-45819FDC1D4C}
	EndGlobalSection
EndGlobal
