
Microsoft Visual Studio Solution File, Format Version 12.00
# Visual Studio 15
VisualStudioVersion = 15.0.26430.16
MinimumVisualStudioVersion = 10.0.40219.1
Project("{FAE04EC0-301F-11D3-BF4B-00C04F79EFBC}") = "01.Shapes", "01.Shapes\01.Shapes.csproj", "{A0350743-C0C4-445B-A595-DA2CFAE219E4}"
EndProject
Project("{2150E333-8FDC-42A3-9474-1A3956D46DE8}") = "01.InterfacesAndAbstraction-Lab", "01.InterfacesAndAbstraction-Lab", "{CE1B059B-95B5-4C77-897D-8B2E6C424561}"
EndProject
Project("{2150E333-8FDC-42A3-9474-1A3956D46DE8}") = "02.InterfacesAndAbstraction-Exercises", "02.InterfacesAndAbstraction-Exercises", "{9C1159FD-F04D-45C2-A332-E495F43C98C8}"
EndProject
Project("{FAE04EC0-301F-11D3-BF4B-00C04F79EFBC}") = "02.Cars", "02.Cars\02.Cars.csproj", "{135F38E0-6D2F-44B0-B511-7D9DFEE64C7F}"
EndProject
Project("{FAE04EC0-301F-11D3-BF4B-00C04F79EFBC}") = "01.DefineAnInterfaceIPerson", "01.DefineAnInterfaceIPerson\01.DefineAnInterfaceIPerson.csproj", "{798E7052-8E36-4451-8662-776AB4D52291}"
EndProject
Project("{FAE04EC0-301F-11D3-BF4B-00C04F79EFBC}") = "03.Ferrari", "03.Ferrari\03.Ferrari.csproj", "{4111B1D4-0E78-4700-8F4D-F67EF1BA9B92}"
EndProject
Project("{FAE04EC0-301F-11D3-BF4B-00C04F79EFBC}") = "04.Telephony", "04.Telephony\04.Telephony.csproj", "{B9DBCCDE-BDD0-46C0-B9F0-0BF30B5226E8}"
EndProject
Project("{FAE04EC0-301F-11D3-BF4B-00C04F79EFBC}") = "05.BorderControl", "05.BorderControl\05.BorderControl.csproj", "{E866B618-50E7-421E-84D8-8699A5CC9269}"
EndProject
Project("{FAE04EC0-301F-11D3-BF4B-00C04F79EFBC}") = "06.BirthdayCelebrations", "06.BirthdayCelebrations\06.BirthdayCelebrations.csproj", "{C53284D5-75CB-4202-BC92-66DCDC71B222}"
EndProject
Project("{FAE04EC0-301F-11D3-BF4B-00C04F79EFBC}") = "07.FoodShortage", "07.FoodShortage\07.FoodShortage.csproj", "{423475B4-2C77-469C-97A5-A9690ADB27F1}"
EndProject
Project("{FAE04EC0-301F-11D3-BF4B-00C04F79EFBC}") = "8.MilitaryElite", "08.MilitaryElite\8.MilitaryElite.csproj", "{F379FC9F-6A81-4B09-B6C0-46AD3D41AF8D}"
EndProject
Global
	GlobalSection(SolutionConfigurationPlatforms) = preSolution
		Debug|Any CPU = Debug|Any CPU
		Release|Any CPU = Release|Any CPU
	EndGlobalSection
	GlobalSection(ProjectConfigurationPlatforms) = postSolution
		{A0350743-C0C4-445B-A595-DA2CFAE219E4}.Debug|Any CPU.ActiveCfg = Debug|Any CPU
		{A0350743-C0C4-445B-A595-DA2CFAE219E4}.Debug|Any CPU.Build.0 = Debug|Any CPU
		{A0350743-C0C4-445B-A595-DA2CFAE219E4}.Release|Any CPU.ActiveCfg = Release|Any CPU
		{A0350743-C0C4-445B-A595-DA2CFAE219E4}.Release|Any CPU.Build.0 = Release|Any CPU
		{135F38E0-6D2F-44B0-B511-7D9DFEE64C7F}.Debug|Any CPU.ActiveCfg = Debug|Any CPU
		{135F38E0-6D2F-44B0-B511-7D9DFEE64C7F}.Debug|Any CPU.Build.0 = Debug|Any CPU
		{135F38E0-6D2F-44B0-B511-7D9DFEE64C7F}.Release|Any CPU.ActiveCfg = Release|Any CPU
		{135F38E0-6D2F-44B0-B511-7D9DFEE64C7F}.Release|Any CPU.Build.0 = Release|Any CPU
		{798E7052-8E36-4451-8662-776AB4D52291}.Debug|Any CPU.ActiveCfg = Debug|Any CPU
		{798E7052-8E36-4451-8662-776AB4D52291}.Debug|Any CPU.Build.0 = Debug|Any CPU
		{798E7052-8E36-4451-8662-776AB4D52291}.Release|Any CPU.ActiveCfg = Release|Any CPU
		{798E7052-8E36-4451-8662-776AB4D52291}.Release|Any CPU.Build.0 = Release|Any CPU
		{4111B1D4-0E78-4700-8F4D-F67EF1BA9B92}.Debug|Any CPU.ActiveCfg = Debug|Any CPU
		{4111B1D4-0E78-4700-8F4D-F67EF1BA9B92}.Debug|Any CPU.Build.0 = Debug|Any CPU
		{4111B1D4-0E78-4700-8F4D-F67EF1BA9B92}.Release|Any CPU.ActiveCfg = Release|Any CPU
		{4111B1D4-0E78-4700-8F4D-F67EF1BA9B92}.Release|Any CPU.Build.0 = Release|Any CPU
		{B9DBCCDE-BDD0-46C0-B9F0-0BF30B5226E8}.Debug|Any CPU.ActiveCfg = Debug|Any CPU
		{B9DBCCDE-BDD0-46C0-B9F0-0BF30B5226E8}.Debug|Any CPU.Build.0 = Debug|Any CPU
		{B9DBCCDE-BDD0-46C0-B9F0-0BF30B5226E8}.Release|Any CPU.ActiveCfg = Release|Any CPU
		{B9DBCCDE-BDD0-46C0-B9F0-0BF30B5226E8}.Release|Any CPU.Build.0 = Release|Any CPU
		{E866B618-50E7-421E-84D8-8699A5CC9269}.Debug|Any CPU.ActiveCfg = Debug|Any CPU
		{E866B618-50E7-421E-84D8-8699A5CC9269}.Debug|Any CPU.Build.0 = Debug|Any CPU
		{E866B618-50E7-421E-84D8-8699A5CC9269}.Release|Any CPU.ActiveCfg = Release|Any CPU
		{E866B618-50E7-421E-84D8-8699A5CC9269}.Release|Any CPU.Build.0 = Release|Any CPU
		{C53284D5-75CB-4202-BC92-66DCDC71B222}.Debug|Any CPU.ActiveCfg = Debug|Any CPU
		{C53284D5-75CB-4202-BC92-66DCDC71B222}.Debug|Any CPU.Build.0 = Debug|Any CPU
		{C53284D5-75CB-4202-BC92-66DCDC71B222}.Release|Any CPU.ActiveCfg = Release|Any CPU
		{C53284D5-75CB-4202-BC92-66DCDC71B222}.Release|Any CPU.Build.0 = Release|Any CPU
		{423475B4-2C77-469C-97A5-A9690ADB27F1}.Debug|Any CPU.ActiveCfg = Debug|Any CPU
		{423475B4-2C77-469C-97A5-A9690ADB27F1}.Debug|Any CPU.Build.0 = Debug|Any CPU
		{423475B4-2C77-469C-97A5-A9690ADB27F1}.Release|Any CPU.ActiveCfg = Release|Any CPU
		{423475B4-2C77-469C-97A5-A9690ADB27F1}.Release|Any CPU.Build.0 = Release|Any CPU
		{F379FC9F-6A81-4B09-B6C0-46AD3D41AF8D}.Debug|Any CPU.ActiveCfg = Debug|Any CPU
		{F379FC9F-6A81-4B09-B6C0-46AD3D41AF8D}.Debug|Any CPU.Build.0 = Debug|Any CPU
		{F379FC9F-6A81-4B09-B6C0-46AD3D41AF8D}.Release|Any CPU.ActiveCfg = Release|Any CPU
		{F379FC9F-6A81-4B09-B6C0-46AD3D41AF8D}.Release|Any CPU.Build.0 = Release|Any CPU
	EndGlobalSection
	GlobalSection(SolutionProperties) = preSolution
		HideSolutionNode = FALSE
	EndGlobalSection
	GlobalSection(NestedProjects) = preSolution
		{A0350743-C0C4-445B-A595-DA2CFAE219E4} = {CE1B059B-95B5-4C77-897D-8B2E6C424561}
		{135F38E0-6D2F-44B0-B511-7D9DFEE64C7F} = {CE1B059B-95B5-4C77-897D-8B2E6C424561}
		{798E7052-8E36-4451-8662-776AB4D52291} = {9C1159FD-F04D-45C2-A332-E495F43C98C8}
		{4111B1D4-0E78-4700-8F4D-F67EF1BA9B92} = {9C1159FD-F04D-45C2-A332-E495F43C98C8}
		{B9DBCCDE-BDD0-46C0-B9F0-0BF30B5226E8} = {9C1159FD-F04D-45C2-A332-E495F43C98C8}
		{E866B618-50E7-421E-84D8-8699A5CC9269} = {9C1159FD-F04D-45C2-A332-E495F43C98C8}
		{C53284D5-75CB-4202-BC92-66DCDC71B222} = {9C1159FD-F04D-45C2-A332-E495F43C98C8}
		{423475B4-2C77-469C-97A5-A9690ADB27F1} = {9C1159FD-F04D-45C2-A332-E495F43C98C8}
		{F379FC9F-6A81-4B09-B6C0-46AD3D41AF8D} = {9C1159FD-F04D-45C2-A332-E495F43C98C8}
	EndGlobalSection
EndGlobal
