
Microsoft Visual Studio Solution File, Format Version 12.00
# Visual Studio 14
VisualStudioVersion = 14.0.25420.1
MinimumVisualStudioVersion = 10.0.40219.1
Project("{FAE04EC0-301F-11D3-BF4B-00C04F79EFBC}") = "01.RectangleOf10x10Stars", "01.RectangleOf10x10Stars\01.RectangleOf10x10Stars.csproj", "{C78578DA-C579-4A50-A055-5FCCBFFA7BAE}"
EndProject
Project("{FAE04EC0-301F-11D3-BF4B-00C04F79EFBC}") = "02.RectangleOfNxNStars", "02.RectangleOfNxNStars\02.RectangleOfNxNStars.csproj", "{3A097CC5-B4D3-4EE1-8D4A-C6F508BE28C8}"
EndProject
Project("{FAE04EC0-301F-11D3-BF4B-00C04F79EFBC}") = "03.SquareOfStars", "03.SquareOfStars\03.SquareOfStars.csproj", "{BFD79D72-72AE-40B5-8354-C68A72083E76}"
EndProject
Project("{FAE04EC0-301F-11D3-BF4B-00C04F79EFBC}") = "04.TriangleOfDollars", "04.TriangleOfDollars\04.TriangleOfDollars.csproj", "{7B92AF71-AFCE-4EDF-A888-DB999DFD3DF0}"
EndProject
Project("{FAE04EC0-301F-11D3-BF4B-00C04F79EFBC}") = "05.SquareFrame", "05.SquareFrame\05.SquareFrame.csproj", "{F89328DF-4BAD-428E-B0AE-82D5ABB995CE}"
EndProject
Project("{FAE04EC0-301F-11D3-BF4B-00C04F79EFBC}") = "06.RhombusOfStars", "06.RhombusOfStars\06.RhombusOfStars.csproj", "{68CA63F0-6BAC-4CA0-9BDB-365EC040981B}"
EndProject
Project("{FAE04EC0-301F-11D3-BF4B-00C04F79EFBC}") = "07.ChristmasTree", "07.ChristmasTree\07.ChristmasTree.csproj", "{8B9DE8BF-63ED-40E7-865F-7F55968248CB}"
EndProject
Project("{FAE04EC0-301F-11D3-BF4B-00C04F79EFBC}") = "08.Sunglasses", "08.Sunglasses\08.Sunglasses.csproj", "{5C14FCD0-7750-4FFA-9C24-4D51E622A65D}"
EndProject
Project("{FAE04EC0-301F-11D3-BF4B-00C04F79EFBC}") = "09.House", "09.House\09.House.csproj", "{5F9CB519-9ABC-4C12-A8BC-769404E18EF6}"
EndProject
Project("{FAE04EC0-301F-11D3-BF4B-00C04F79EFBC}") = "10.Diamond", "10.Diamond\10.Diamond.csproj", "{2A98F6BB-2114-4DB3-B275-C731659DFF5B}"
EndProject
Global
	GlobalSection(SolutionConfigurationPlatforms) = preSolution
		Debug|Any CPU = Debug|Any CPU
		Release|Any CPU = Release|Any CPU
	EndGlobalSection
	GlobalSection(ProjectConfigurationPlatforms) = postSolution
		{C78578DA-C579-4A50-A055-5FCCBFFA7BAE}.Debug|Any CPU.ActiveCfg = Debug|Any CPU
		{C78578DA-C579-4A50-A055-5FCCBFFA7BAE}.Debug|Any CPU.Build.0 = Debug|Any CPU
		{C78578DA-C579-4A50-A055-5FCCBFFA7BAE}.Release|Any CPU.ActiveCfg = Release|Any CPU
		{C78578DA-C579-4A50-A055-5FCCBFFA7BAE}.Release|Any CPU.Build.0 = Release|Any CPU
		{3A097CC5-B4D3-4EE1-8D4A-C6F508BE28C8}.Debug|Any CPU.ActiveCfg = Debug|Any CPU
		{3A097CC5-B4D3-4EE1-8D4A-C6F508BE28C8}.Debug|Any CPU.Build.0 = Debug|Any CPU
		{3A097CC5-B4D3-4EE1-8D4A-C6F508BE28C8}.Release|Any CPU.ActiveCfg = Release|Any CPU
		{3A097CC5-B4D3-4EE1-8D4A-C6F508BE28C8}.Release|Any CPU.Build.0 = Release|Any CPU
		{BFD79D72-72AE-40B5-8354-C68A72083E76}.Debug|Any CPU.ActiveCfg = Debug|Any CPU
		{BFD79D72-72AE-40B5-8354-C68A72083E76}.Debug|Any CPU.Build.0 = Debug|Any CPU
		{BFD79D72-72AE-40B5-8354-C68A72083E76}.Release|Any CPU.ActiveCfg = Release|Any CPU
		{BFD79D72-72AE-40B5-8354-C68A72083E76}.Release|Any CPU.Build.0 = Release|Any CPU
		{7B92AF71-AFCE-4EDF-A888-DB999DFD3DF0}.Debug|Any CPU.ActiveCfg = Debug|Any CPU
		{7B92AF71-AFCE-4EDF-A888-DB999DFD3DF0}.Debug|Any CPU.Build.0 = Debug|Any CPU
		{7B92AF71-AFCE-4EDF-A888-DB999DFD3DF0}.Release|Any CPU.ActiveCfg = Release|Any CPU
		{7B92AF71-AFCE-4EDF-A888-DB999DFD3DF0}.Release|Any CPU.Build.0 = Release|Any CPU
		{F89328DF-4BAD-428E-B0AE-82D5ABB995CE}.Debug|Any CPU.ActiveCfg = Debug|Any CPU
		{F89328DF-4BAD-428E-B0AE-82D5ABB995CE}.Debug|Any CPU.Build.0 = Debug|Any CPU
		{F89328DF-4BAD-428E-B0AE-82D5ABB995CE}.Release|Any CPU.ActiveCfg = Release|Any CPU
		{F89328DF-4BAD-428E-B0AE-82D5ABB995CE}.Release|Any CPU.Build.0 = Release|Any CPU
		{68CA63F0-6BAC-4CA0-9BDB-365EC040981B}.Debug|Any CPU.ActiveCfg = Debug|Any CPU
		{68CA63F0-6BAC-4CA0-9BDB-365EC040981B}.Debug|Any CPU.Build.0 = Debug|Any CPU
		{68CA63F0-6BAC-4CA0-9BDB-365EC040981B}.Release|Any CPU.ActiveCfg = Release|Any CPU
		{68CA63F0-6BAC-4CA0-9BDB-365EC040981B}.Release|Any CPU.Build.0 = Release|Any CPU
		{8B9DE8BF-63ED-40E7-865F-7F55968248CB}.Debug|Any CPU.ActiveCfg = Debug|Any CPU
		{8B9DE8BF-63ED-40E7-865F-7F55968248CB}.Debug|Any CPU.Build.0 = Debug|Any CPU
		{8B9DE8BF-63ED-40E7-865F-7F55968248CB}.Release|Any CPU.ActiveCfg = Release|Any CPU
		{8B9DE8BF-63ED-40E7-865F-7F55968248CB}.Release|Any CPU.Build.0 = Release|Any CPU
		{5C14FCD0-7750-4FFA-9C24-4D51E622A65D}.Debug|Any CPU.ActiveCfg = Debug|Any CPU
		{5C14FCD0-7750-4FFA-9C24-4D51E622A65D}.Debug|Any CPU.Build.0 = Debug|Any CPU
		{5C14FCD0-7750-4FFA-9C24-4D51E622A65D}.Release|Any CPU.ActiveCfg = Release|Any CPU
		{5C14FCD0-7750-4FFA-9C24-4D51E622A65D}.Release|Any CPU.Build.0 = Release|Any CPU
		{5F9CB519-9ABC-4C12-A8BC-769404E18EF6}.Debug|Any CPU.ActiveCfg = Debug|Any CPU
		{5F9CB519-9ABC-4C12-A8BC-769404E18EF6}.Debug|Any CPU.Build.0 = Debug|Any CPU
		{5F9CB519-9ABC-4C12-A8BC-769404E18EF6}.Release|Any CPU.ActiveCfg = Release|Any CPU
		{5F9CB519-9ABC-4C12-A8BC-769404E18EF6}.Release|Any CPU.Build.0 = Release|Any CPU
		{2A98F6BB-2114-4DB3-B275-C731659DFF5B}.Debug|Any CPU.ActiveCfg = Debug|Any CPU
		{2A98F6BB-2114-4DB3-B275-C731659DFF5B}.Debug|Any CPU.Build.0 = Debug|Any CPU
		{2A98F6BB-2114-4DB3-B275-C731659DFF5B}.Release|Any CPU.ActiveCfg = Release|Any CPU
		{2A98F6BB-2114-4DB3-B275-C731659DFF5B}.Release|Any CPU.Build.0 = Release|Any CPU
	EndGlobalSection
	GlobalSection(SolutionProperties) = preSolution
		HideSolutionNode = FALSE
	EndGlobalSection
EndGlobal
