
Microsoft Visual Studio Solution File, Format Version 12.00
# Visual Studio 15
VisualStudioVersion = 15.0.27004.2009
MinimumVisualStudioVersion = 10.0.40219.1
Project("{9A19103F-16F7-4668-BE54-9A1E7A4F7556}") = "LearningSystem.Web", "LearningSystem.Web\LearningSystem.Web.csproj", "{7450002B-70C4-4055-B44F-960A25EA20DD}"
EndProject
Project("{FAE04EC0-301F-11D3-BF4B-00C04F79EFBC}") = "LearningSystem.Data", "LearningSystem.Data\LearningSystem.Data.csproj", "{040EEB18-F3C6-447C-A6B3-CA1EDEA58696}"
EndProject
Project("{FAE04EC0-301F-11D3-BF4B-00C04F79EFBC}") = "LearningSystem.Service", "LearningSystem.Service\LearningSystem.Service.csproj", "{D575CA87-01E1-46C9-99B4-5BA2FB93573D}"
EndProject
Global
	GlobalSection(SolutionConfigurationPlatforms) = preSolution
		Debug|Any CPU = Debug|Any CPU
		Release|Any CPU = Release|Any CPU
	EndGlobalSection
	GlobalSection(ProjectConfigurationPlatforms) = postSolution
		{7450002B-70C4-4055-B44F-960A25EA20DD}.Debug|Any CPU.ActiveCfg = Debug|Any CPU
		{7450002B-70C4-4055-B44F-960A25EA20DD}.Debug|Any CPU.Build.0 = Debug|Any CPU
		{7450002B-70C4-4055-B44F-960A25EA20DD}.Release|Any CPU.ActiveCfg = Release|Any CPU
		{7450002B-70C4-4055-B44F-960A25EA20DD}.Release|Any CPU.Build.0 = Release|Any CPU
		{040EEB18-F3C6-447C-A6B3-CA1EDEA58696}.Debug|Any CPU.ActiveCfg = Debug|Any CPU
		{040EEB18-F3C6-447C-A6B3-CA1EDEA58696}.Debug|Any CPU.Build.0 = Debug|Any CPU
		{040EEB18-F3C6-447C-A6B3-CA1EDEA58696}.Release|Any CPU.ActiveCfg = Release|Any CPU
		{040EEB18-F3C6-447C-A6B3-CA1EDEA58696}.Release|Any CPU.Build.0 = Release|Any CPU
		{D575CA87-01E1-46C9-99B4-5BA2FB93573D}.Debug|Any CPU.ActiveCfg = Debug|Any CPU
		{D575CA87-01E1-46C9-99B4-5BA2FB93573D}.Debug|Any CPU.Build.0 = Debug|Any CPU
		{D575CA87-01E1-46C9-99B4-5BA2FB93573D}.Release|Any CPU.ActiveCfg = Release|Any CPU
		{D575CA87-01E1-46C9-99B4-5BA2FB93573D}.Release|Any CPU.Build.0 = Release|Any CPU
	EndGlobalSection
	GlobalSection(SolutionProperties) = preSolution
		HideSolutionNode = FALSE
	EndGlobalSection
	GlobalSection(ExtensibilityGlobals) = postSolution
		SolutionGuid = {AED5237A-70F3-43F8-97F3-CF0E1EC3CBDD}
	EndGlobalSection
EndGlobal
