
Microsoft Visual Studio Solution File, Format Version 12.00
# Visual Studio 15
VisualStudioVersion = 15.0.26730.16
MinimumVisualStudioVersion = 10.0.40219.1
Project("{FAE04EC0-301F-11D3-BF4B-00C04F79EFBC}") = "01.URLDecode", "01.URLDecode\01.URLDecode.csproj", "{22693E80-A6C4-498D-9A92-519988742C19}"
EndProject
Project("{FAE04EC0-301F-11D3-BF4B-00C04F79EFBC}") = "02.ValidateURL", "02.ValidateURL\02.ValidateURL.csproj", "{C4ACE9AD-A2E5-4466-AC7A-E216A8111A16}"
EndProject
Project("{FAE04EC0-301F-11D3-BF4B-00C04F79EFBC}") = "03.RequestParser", "03.RequestParser\03.RequestParser.csproj", "{15070DAB-1312-44BC-AAD6-8C86CF508631}"
EndProject
Global
	GlobalSection(SolutionConfigurationPlatforms) = preSolution
		Debug|Any CPU = Debug|Any CPU
		Release|Any CPU = Release|Any CPU
	EndGlobalSection
	GlobalSection(ProjectConfigurationPlatforms) = postSolution
		{22693E80-A6C4-498D-9A92-519988742C19}.Debug|Any CPU.ActiveCfg = Debug|Any CPU
		{22693E80-A6C4-498D-9A92-519988742C19}.Debug|Any CPU.Build.0 = Debug|Any CPU
		{22693E80-A6C4-498D-9A92-519988742C19}.Release|Any CPU.ActiveCfg = Release|Any CPU
		{22693E80-A6C4-498D-9A92-519988742C19}.Release|Any CPU.Build.0 = Release|Any CPU
		{C4ACE9AD-A2E5-4466-AC7A-E216A8111A16}.Debug|Any CPU.ActiveCfg = Debug|Any CPU
		{C4ACE9AD-A2E5-4466-AC7A-E216A8111A16}.Debug|Any CPU.Build.0 = Debug|Any CPU
		{C4ACE9AD-A2E5-4466-AC7A-E216A8111A16}.Release|Any CPU.ActiveCfg = Release|Any CPU
		{C4ACE9AD-A2E5-4466-AC7A-E216A8111A16}.Release|Any CPU.Build.0 = Release|Any CPU
		{15070DAB-1312-44BC-AAD6-8C86CF508631}.Debug|Any CPU.ActiveCfg = Debug|Any CPU
		{15070DAB-1312-44BC-AAD6-8C86CF508631}.Debug|Any CPU.Build.0 = Debug|Any CPU
		{15070DAB-1312-44BC-AAD6-8C86CF508631}.Release|Any CPU.ActiveCfg = Release|Any CPU
		{15070DAB-1312-44BC-AAD6-8C86CF508631}.Release|Any CPU.Build.0 = Release|Any CPU
	EndGlobalSection
	GlobalSection(SolutionProperties) = preSolution
		HideSolutionNode = FALSE
	EndGlobalSection
	GlobalSection(ExtensibilityGlobals) = postSolution
		SolutionGuid = {8A499D55-D6AF-439C-B06D-08EEB7867197}
	EndGlobalSection
EndGlobal
