
Microsoft Visual Studio Solution File, Format Version 12.00
# Visual Studio 15
VisualStudioVersion = 15.0.26430.6
MinimumVisualStudioVersion = 10.0.40219.1
Project("{FAE04EC0-301F-11D3-BF4B-00C04F79EFBC}") = "01.ReverseNumbers", "01.ReverseNumbers\01.ReverseNumbers.csproj", "{3F9488A9-8C86-4BD1-86A6-76BFBA54D74E}"
EndProject
Project("{FAE04EC0-301F-11D3-BF4B-00C04F79EFBC}") = "02.BasicStackOperations", "02.BasicStackOperations\02.BasicStackOperations.csproj", "{EBB0DD4D-6A63-429C-BACC-DC5F6270175C}"
EndProject
Project("{FAE04EC0-301F-11D3-BF4B-00C04F79EFBC}") = "03.MaximumElement", "03.MaximumElement\03.MaximumElement.csproj", "{029C7398-A0D7-49BF-A99B-C8A11E01E727}"
EndProject
Project("{FAE04EC0-301F-11D3-BF4B-00C04F79EFBC}") = "04.BasicQueueOperations", "04.BasicQueueOperations\04.BasicQueueOperations.csproj", "{9E91CACF-728A-4E54-A00E-ACA197F576A2}"
EndProject
Project("{FAE04EC0-301F-11D3-BF4B-00C04F79EFBC}") = "05.SequenceWithQueue", "05.SequenceWithQueue\05.SequenceWithQueue.csproj", "{59782C29-7ACA-4690-B799-6520DA8D5C6E}"
EndProject
Project("{FAE04EC0-301F-11D3-BF4B-00C04F79EFBC}") = "06.TruckTour", "06.TruckTour\06.TruckTour.csproj", "{663C583A-BE0B-404A-AA6C-A7506EC68C60}"
EndProject
Project("{FAE04EC0-301F-11D3-BF4B-00C04F79EFBC}") = "07.BalancedParenthesis", "07.BalancedParenthesis\07.BalancedParenthesis.csproj", "{F45D1261-5C96-4475-B5F8-182F21D109F3}"
EndProject
Project("{FAE04EC0-301F-11D3-BF4B-00C04F79EFBC}") = "08.RecursiveFibonacci", "08.RecursiveFibonacci\08.RecursiveFibonacci.csproj", "{3756560D-00BD-40BC-935C-F1F5F495EA66}"
EndProject
Project("{FAE04EC0-301F-11D3-BF4B-00C04F79EFBC}") = "09.StackFibonacci", "09.StackFibonacci\09.StackFibonacci.csproj", "{E4296346-E54D-432D-B796-215F9D12AF91}"
EndProject
Project("{FAE04EC0-301F-11D3-BF4B-00C04F79EFBC}") = "10.SimpleTextEditor", "10.SimpleTextEditor\10.SimpleTextEditor.csproj", "{95E6ADCD-3E03-464C-B23E-692EFB4AEC9E}"
EndProject
Project("{FAE04EC0-301F-11D3-BF4B-00C04F79EFBC}") = "11.PoisonousPlants", "11.PoisonousPlants\11.PoisonousPlants.csproj", "{906C5F35-5000-425E-BB47-7602E3742B5C}"
EndProject
Global
	GlobalSection(SolutionConfigurationPlatforms) = preSolution
		Debug|Any CPU = Debug|Any CPU
		Release|Any CPU = Release|Any CPU
	EndGlobalSection
	GlobalSection(ProjectConfigurationPlatforms) = postSolution
		{3F9488A9-8C86-4BD1-86A6-76BFBA54D74E}.Debug|Any CPU.ActiveCfg = Debug|Any CPU
		{3F9488A9-8C86-4BD1-86A6-76BFBA54D74E}.Debug|Any CPU.Build.0 = Debug|Any CPU
		{3F9488A9-8C86-4BD1-86A6-76BFBA54D74E}.Release|Any CPU.ActiveCfg = Release|Any CPU
		{3F9488A9-8C86-4BD1-86A6-76BFBA54D74E}.Release|Any CPU.Build.0 = Release|Any CPU
		{EBB0DD4D-6A63-429C-BACC-DC5F6270175C}.Debug|Any CPU.ActiveCfg = Debug|Any CPU
		{EBB0DD4D-6A63-429C-BACC-DC5F6270175C}.Debug|Any CPU.Build.0 = Debug|Any CPU
		{EBB0DD4D-6A63-429C-BACC-DC5F6270175C}.Release|Any CPU.ActiveCfg = Release|Any CPU
		{EBB0DD4D-6A63-429C-BACC-DC5F6270175C}.Release|Any CPU.Build.0 = Release|Any CPU
		{029C7398-A0D7-49BF-A99B-C8A11E01E727}.Debug|Any CPU.ActiveCfg = Debug|Any CPU
		{029C7398-A0D7-49BF-A99B-C8A11E01E727}.Debug|Any CPU.Build.0 = Debug|Any CPU
		{029C7398-A0D7-49BF-A99B-C8A11E01E727}.Release|Any CPU.ActiveCfg = Release|Any CPU
		{029C7398-A0D7-49BF-A99B-C8A11E01E727}.Release|Any CPU.Build.0 = Release|Any CPU
		{9E91CACF-728A-4E54-A00E-ACA197F576A2}.Debug|Any CPU.ActiveCfg = Debug|Any CPU
		{9E91CACF-728A-4E54-A00E-ACA197F576A2}.Debug|Any CPU.Build.0 = Debug|Any CPU
		{9E91CACF-728A-4E54-A00E-ACA197F576A2}.Release|Any CPU.ActiveCfg = Release|Any CPU
		{9E91CACF-728A-4E54-A00E-ACA197F576A2}.Release|Any CPU.Build.0 = Release|Any CPU
		{59782C29-7ACA-4690-B799-6520DA8D5C6E}.Debug|Any CPU.ActiveCfg = Debug|Any CPU
		{59782C29-7ACA-4690-B799-6520DA8D5C6E}.Debug|Any CPU.Build.0 = Debug|Any CPU
		{59782C29-7ACA-4690-B799-6520DA8D5C6E}.Release|Any CPU.ActiveCfg = Release|Any CPU
		{59782C29-7ACA-4690-B799-6520DA8D5C6E}.Release|Any CPU.Build.0 = Release|Any CPU
		{663C583A-BE0B-404A-AA6C-A7506EC68C60}.Debug|Any CPU.ActiveCfg = Debug|Any CPU
		{663C583A-BE0B-404A-AA6C-A7506EC68C60}.Debug|Any CPU.Build.0 = Debug|Any CPU
		{663C583A-BE0B-404A-AA6C-A7506EC68C60}.Release|Any CPU.ActiveCfg = Release|Any CPU
		{663C583A-BE0B-404A-AA6C-A7506EC68C60}.Release|Any CPU.Build.0 = Release|Any CPU
		{F45D1261-5C96-4475-B5F8-182F21D109F3}.Debug|Any CPU.ActiveCfg = Debug|Any CPU
		{F45D1261-5C96-4475-B5F8-182F21D109F3}.Debug|Any CPU.Build.0 = Debug|Any CPU
		{F45D1261-5C96-4475-B5F8-182F21D109F3}.Release|Any CPU.ActiveCfg = Release|Any CPU
		{F45D1261-5C96-4475-B5F8-182F21D109F3}.Release|Any CPU.Build.0 = Release|Any CPU
		{3756560D-00BD-40BC-935C-F1F5F495EA66}.Debug|Any CPU.ActiveCfg = Debug|Any CPU
		{3756560D-00BD-40BC-935C-F1F5F495EA66}.Debug|Any CPU.Build.0 = Debug|Any CPU
		{3756560D-00BD-40BC-935C-F1F5F495EA66}.Release|Any CPU.ActiveCfg = Release|Any CPU
		{3756560D-00BD-40BC-935C-F1F5F495EA66}.Release|Any CPU.Build.0 = Release|Any CPU
		{E4296346-E54D-432D-B796-215F9D12AF91}.Debug|Any CPU.ActiveCfg = Debug|Any CPU
		{E4296346-E54D-432D-B796-215F9D12AF91}.Debug|Any CPU.Build.0 = Debug|Any CPU
		{E4296346-E54D-432D-B796-215F9D12AF91}.Release|Any CPU.ActiveCfg = Release|Any CPU
		{E4296346-E54D-432D-B796-215F9D12AF91}.Release|Any CPU.Build.0 = Release|Any CPU
		{95E6ADCD-3E03-464C-B23E-692EFB4AEC9E}.Debug|Any CPU.ActiveCfg = Debug|Any CPU
		{95E6ADCD-3E03-464C-B23E-692EFB4AEC9E}.Debug|Any CPU.Build.0 = Debug|Any CPU
		{95E6ADCD-3E03-464C-B23E-692EFB4AEC9E}.Release|Any CPU.ActiveCfg = Release|Any CPU
		{95E6ADCD-3E03-464C-B23E-692EFB4AEC9E}.Release|Any CPU.Build.0 = Release|Any CPU
		{906C5F35-5000-425E-BB47-7602E3742B5C}.Debug|Any CPU.ActiveCfg = Debug|Any CPU
		{906C5F35-5000-425E-BB47-7602E3742B5C}.Debug|Any CPU.Build.0 = Debug|Any CPU
		{906C5F35-5000-425E-BB47-7602E3742B5C}.Release|Any CPU.ActiveCfg = Release|Any CPU
		{906C5F35-5000-425E-BB47-7602E3742B5C}.Release|Any CPU.Build.0 = Release|Any CPU
	EndGlobalSection
	GlobalSection(SolutionProperties) = preSolution
		HideSolutionNode = FALSE
	EndGlobalSection
EndGlobal
