
Microsoft Visual Studio Solution File, Format Version 12.00
# Visual Studio 15
VisualStudioVersion = 15.0.26430.16
MinimumVisualStudioVersion = 10.0.40219.1
Project("{FAE04EC0-301F-11D3-BF4B-00C04F79EFBC}") = "Skeleton", "01.TestAxe\Skeleton.csproj", "{B7C13488-44A9-432D-A12C-ED88E9656144}"
EndProject
Project("{2150E333-8FDC-42A3-9474-1A3956D46DE8}") = "01.UnitTesting-Lab", "01.UnitTesting-Lab", "{0E0AD360-E8E1-433A-AA90-6D1D52BF67E7}"
EndProject
Project("{2150E333-8FDC-42A3-9474-1A3956D46DE8}") = "02.UnitTesting-Exercises", "02.UnitTesting-Exercises", "{6CBCEF00-D05F-480C-947B-0982AEA5F226}"
EndProject
Project("{FAE04EC0-301F-11D3-BF4B-00C04F79EFBC}") = "TestAxe.Test", "TestAxe.Test\TestAxe.Test.csproj", "{91091E4A-7947-4631-911B-F3F788EFABBB}"
EndProject
Project("{FAE04EC0-301F-11D3-BF4B-00C04F79EFBC}") = "CustomLinkedList", "CustomLinkedList\CustomLinkedList\CustomLinkedList.csproj", "{D76A4DAE-A496-4BDE-ACB7-F2E628CB6605}"
EndProject
Project("{FAE04EC0-301F-11D3-BF4B-00C04F79EFBC}") = "LinkedList.Tests", "LinkedList.Tests\LinkedList.Tests.csproj", "{8EDF4429-251A-416D-BB68-93F227191BCF}"
EndProject
Project("{FAE04EC0-301F-11D3-BF4B-00C04F79EFBC}") = "Database", "01.Database\Database.csproj", "{F8CC0371-A63D-45B3-A59A-4E5661FE2E0B}"
EndProject
Project("{2150E333-8FDC-42A3-9474-1A3956D46DE8}") = "02.CustomLinkedList", "02.CustomLinkedList", "{3D78E757-EE17-487B-818F-3905C1C73FC9}"
EndProject
Project("{2150E333-8FDC-42A3-9474-1A3956D46DE8}") = "01.TestAxe", "01.TestAxe", "{5B2B7D6D-3B06-4A99-B847-BFB6DC2EFF5C}"
EndProject
Project("{2150E333-8FDC-42A3-9474-1A3956D46DE8}") = "01.Database", "01.Database", "{8FCA3CA6-F8EB-43B2-99EF-49D7F7A9CBAB}"
EndProject
Project("{FAE04EC0-301F-11D3-BF4B-00C04F79EFBC}") = "Database.Tests", "Database.Tests\Database.Tests.csproj", "{1B0354B7-A5E3-45CC-A788-A2E221E169D2}"
EndProject
Global
	GlobalSection(SolutionConfigurationPlatforms) = preSolution
		Debug|Any CPU = Debug|Any CPU
		Release|Any CPU = Release|Any CPU
	EndGlobalSection
	GlobalSection(ProjectConfigurationPlatforms) = postSolution
		{B7C13488-44A9-432D-A12C-ED88E9656144}.Debug|Any CPU.ActiveCfg = Debug|Any CPU
		{B7C13488-44A9-432D-A12C-ED88E9656144}.Debug|Any CPU.Build.0 = Debug|Any CPU
		{B7C13488-44A9-432D-A12C-ED88E9656144}.Release|Any CPU.ActiveCfg = Release|Any CPU
		{B7C13488-44A9-432D-A12C-ED88E9656144}.Release|Any CPU.Build.0 = Release|Any CPU
		{91091E4A-7947-4631-911B-F3F788EFABBB}.Debug|Any CPU.ActiveCfg = Debug|Any CPU
		{91091E4A-7947-4631-911B-F3F788EFABBB}.Debug|Any CPU.Build.0 = Debug|Any CPU
		{91091E4A-7947-4631-911B-F3F788EFABBB}.Release|Any CPU.ActiveCfg = Release|Any CPU
		{91091E4A-7947-4631-911B-F3F788EFABBB}.Release|Any CPU.Build.0 = Release|Any CPU
		{D76A4DAE-A496-4BDE-ACB7-F2E628CB6605}.Debug|Any CPU.ActiveCfg = Debug|Any CPU
		{D76A4DAE-A496-4BDE-ACB7-F2E628CB6605}.Debug|Any CPU.Build.0 = Debug|Any CPU
		{D76A4DAE-A496-4BDE-ACB7-F2E628CB6605}.Release|Any CPU.ActiveCfg = Release|Any CPU
		{D76A4DAE-A496-4BDE-ACB7-F2E628CB6605}.Release|Any CPU.Build.0 = Release|Any CPU
		{8EDF4429-251A-416D-BB68-93F227191BCF}.Debug|Any CPU.ActiveCfg = Debug|Any CPU
		{8EDF4429-251A-416D-BB68-93F227191BCF}.Debug|Any CPU.Build.0 = Debug|Any CPU
		{8EDF4429-251A-416D-BB68-93F227191BCF}.Release|Any CPU.ActiveCfg = Release|Any CPU
		{8EDF4429-251A-416D-BB68-93F227191BCF}.Release|Any CPU.Build.0 = Release|Any CPU
		{F8CC0371-A63D-45B3-A59A-4E5661FE2E0B}.Debug|Any CPU.ActiveCfg = Debug|Any CPU
		{F8CC0371-A63D-45B3-A59A-4E5661FE2E0B}.Debug|Any CPU.Build.0 = Debug|Any CPU
		{F8CC0371-A63D-45B3-A59A-4E5661FE2E0B}.Release|Any CPU.ActiveCfg = Release|Any CPU
		{F8CC0371-A63D-45B3-A59A-4E5661FE2E0B}.Release|Any CPU.Build.0 = Release|Any CPU
		{1B0354B7-A5E3-45CC-A788-A2E221E169D2}.Debug|Any CPU.ActiveCfg = Debug|Any CPU
		{1B0354B7-A5E3-45CC-A788-A2E221E169D2}.Debug|Any CPU.Build.0 = Debug|Any CPU
		{1B0354B7-A5E3-45CC-A788-A2E221E169D2}.Release|Any CPU.ActiveCfg = Release|Any CPU
		{1B0354B7-A5E3-45CC-A788-A2E221E169D2}.Release|Any CPU.Build.0 = Release|Any CPU
	EndGlobalSection
	GlobalSection(SolutionProperties) = preSolution
		HideSolutionNode = FALSE
	EndGlobalSection
	GlobalSection(NestedProjects) = preSolution
		{B7C13488-44A9-432D-A12C-ED88E9656144} = {5B2B7D6D-3B06-4A99-B847-BFB6DC2EFF5C}
		{91091E4A-7947-4631-911B-F3F788EFABBB} = {5B2B7D6D-3B06-4A99-B847-BFB6DC2EFF5C}
		{D76A4DAE-A496-4BDE-ACB7-F2E628CB6605} = {3D78E757-EE17-487B-818F-3905C1C73FC9}
		{8EDF4429-251A-416D-BB68-93F227191BCF} = {3D78E757-EE17-487B-818F-3905C1C73FC9}
		{F8CC0371-A63D-45B3-A59A-4E5661FE2E0B} = {8FCA3CA6-F8EB-43B2-99EF-49D7F7A9CBAB}
		{3D78E757-EE17-487B-818F-3905C1C73FC9} = {6CBCEF00-D05F-480C-947B-0982AEA5F226}
		{5B2B7D6D-3B06-4A99-B847-BFB6DC2EFF5C} = {0E0AD360-E8E1-433A-AA90-6D1D52BF67E7}
		{8FCA3CA6-F8EB-43B2-99EF-49D7F7A9CBAB} = {6CBCEF00-D05F-480C-947B-0982AEA5F226}
		{1B0354B7-A5E3-45CC-A788-A2E221E169D2} = {8FCA3CA6-F8EB-43B2-99EF-49D7F7A9CBAB}
	EndGlobalSection
EndGlobal
