
Microsoft Visual Studio Solution File, Format Version 12.00
# Visual Studio 15
VisualStudioVersion = 15.0.26430.6
MinimumVisualStudioVersion = 10.0.40219.1
Project("{2150E333-8FDC-42A3-9474-1A3956D46DE8}") = "01.SetsAndDictionaries-Lab", "01.SetsAndDictionaries-Lab", "{68F05376-5EC3-4534-B85C-DAD59143AE95}"
EndProject
Project("{2150E333-8FDC-42A3-9474-1A3956D46DE8}") = "02.SetsAndDictionaries-Exercises", "02.SetsAndDictionaries-Exercises", "{170613BA-2C37-418A-83D5-2AF0831FE99A}"
EndProject
Project("{FAE04EC0-301F-11D3-BF4B-00C04F79EFBC}") = "01.ParkingLot", "01.ParkingLot\01.ParkingLot.csproj", "{CF495B92-D179-49EA-9CFB-AD498101A6D2}"
EndProject
Project("{FAE04EC0-301F-11D3-BF4B-00C04F79EFBC}") = "02.SoftUniParty", "02.SoftUniParty\02.SoftUniParty.csproj", "{2D577611-D483-4CDC-AD66-298192F75957}"
EndProject
Project("{FAE04EC0-301F-11D3-BF4B-00C04F79EFBC}") = "03.CountSameValuesInArray", "03.CountSameValuesInArray\03.CountSameValuesInArray.csproj", "{D5804475-5EFF-40B6-89A4-47FABCB094C1}"
EndProject
Project("{FAE04EC0-301F-11D3-BF4B-00C04F79EFBC}") = "04.AcademyGraduation", "04.AcademyGraduation\04.AcademyGraduation.csproj", "{9CB2BAC3-7856-4BC7-AFC9-B9DD1D92ECEA}"
EndProject
Project("{FAE04EC0-301F-11D3-BF4B-00C04F79EFBC}") = "01.UniqueUsernames", "01.UniqueUsernames\01.UniqueUsernames.csproj", "{9FA1647C-2A2B-4523-B431-2D61B8BEABE6}"
EndProject
Project("{FAE04EC0-301F-11D3-BF4B-00C04F79EFBC}") = "02.SetsOfElements", "02.SetsOfElements\02.SetsOfElements.csproj", "{9DE8EB55-4FDC-49DB-90ED-0419C95DCADA}"
EndProject
Project("{FAE04EC0-301F-11D3-BF4B-00C04F79EFBC}") = "03.PeriodicTable", "03.PeriodicTable\03.PeriodicTable.csproj", "{A89E1AE2-692E-41FD-8D6D-B845CC058DBB}"
EndProject
Project("{FAE04EC0-301F-11D3-BF4B-00C04F79EFBC}") = "04.CountSymbols", "04.CountSymbols\04.CountSymbols.csproj", "{09E8D514-B47A-45D4-B17E-EF06EECA9066}"
EndProject
Project("{FAE04EC0-301F-11D3-BF4B-00C04F79EFBC}") = "05.Phonebook", "05.Phonebook\05.Phonebook.csproj", "{08E7D839-0B4E-43AC-B611-982BB84136FE}"
EndProject
Project("{FAE04EC0-301F-11D3-BF4B-00C04F79EFBC}") = "06.AMiner'sTask", "06.AMiner'sTask\06.AMiner'sTask.csproj", "{1B0C202D-28EC-4F3B-A16B-8E2EC34326F3}"
EndProject
Project("{FAE04EC0-301F-11D3-BF4B-00C04F79EFBC}") = "07.FixEmails", "07.FixEmails\07.FixEmails.csproj", "{40CACD91-7DA6-41BD-AA38-726B1012E2AC}"
EndProject
Project("{FAE04EC0-301F-11D3-BF4B-00C04F79EFBC}") = "08.HandsOfCards", "08.HandsOfCards\08.HandsOfCards.csproj", "{64E58029-4BDE-44A5-8412-7753F89851D7}"
EndProject
Project("{FAE04EC0-301F-11D3-BF4B-00C04F79EFBC}") = "09.UserLogs", "09.UserLogs\09.UserLogs.csproj", "{BB74475D-3A01-4E3E-8A35-C524B482242D}"
EndProject
Project("{FAE04EC0-301F-11D3-BF4B-00C04F79EFBC}") = "10.PopulationCounter", "10.PopulationCounter\10.PopulationCounter.csproj", "{6E14195D-4A36-45F2-91B8-4D8F66E7D5DB}"
EndProject
Project("{FAE04EC0-301F-11D3-BF4B-00C04F79EFBC}") = "11.LogsAggregator", "11.LogsAggregator\11.LogsAggregator.csproj", "{7B1DC48B-F381-4261-96A7-C626840180C7}"
EndProject
Project("{FAE04EC0-301F-11D3-BF4B-00C04F79EFBC}") = "12.LegendaryFarming", "12.LegendaryFarming\12.LegendaryFarming.csproj", "{2CF159D1-AC9F-4C32-B038-5C92EDFAE77F}"
EndProject
Project("{FAE04EC0-301F-11D3-BF4B-00C04F79EFBC}") = "13.SrabskoUnleashed", "13.SrabskoUnleashed\13.SrabskoUnleashed.csproj", "{BC538961-AF0E-4F42-8652-1E4F065B74EF}"
EndProject
Project("{FAE04EC0-301F-11D3-BF4B-00C04F79EFBC}") = "14.DragonArmy", "14.DragonArmy\14.DragonArmy.csproj", "{45244524-9DC6-48BB-AE70-D76E8E4DF23C}"
EndProject
Global
	GlobalSection(SolutionConfigurationPlatforms) = preSolution
		Debug|Any CPU = Debug|Any CPU
		Release|Any CPU = Release|Any CPU
	EndGlobalSection
	GlobalSection(ProjectConfigurationPlatforms) = postSolution
		{CF495B92-D179-49EA-9CFB-AD498101A6D2}.Debug|Any CPU.ActiveCfg = Debug|Any CPU
		{CF495B92-D179-49EA-9CFB-AD498101A6D2}.Debug|Any CPU.Build.0 = Debug|Any CPU
		{CF495B92-D179-49EA-9CFB-AD498101A6D2}.Release|Any CPU.ActiveCfg = Release|Any CPU
		{CF495B92-D179-49EA-9CFB-AD498101A6D2}.Release|Any CPU.Build.0 = Release|Any CPU
		{2D577611-D483-4CDC-AD66-298192F75957}.Debug|Any CPU.ActiveCfg = Debug|Any CPU
		{2D577611-D483-4CDC-AD66-298192F75957}.Debug|Any CPU.Build.0 = Debug|Any CPU
		{2D577611-D483-4CDC-AD66-298192F75957}.Release|Any CPU.ActiveCfg = Release|Any CPU
		{2D577611-D483-4CDC-AD66-298192F75957}.Release|Any CPU.Build.0 = Release|Any CPU
		{D5804475-5EFF-40B6-89A4-47FABCB094C1}.Debug|Any CPU.ActiveCfg = Debug|Any CPU
		{D5804475-5EFF-40B6-89A4-47FABCB094C1}.Debug|Any CPU.Build.0 = Debug|Any CPU
		{D5804475-5EFF-40B6-89A4-47FABCB094C1}.Release|Any CPU.ActiveCfg = Release|Any CPU
		{D5804475-5EFF-40B6-89A4-47FABCB094C1}.Release|Any CPU.Build.0 = Release|Any CPU
		{9CB2BAC3-7856-4BC7-AFC9-B9DD1D92ECEA}.Debug|Any CPU.ActiveCfg = Debug|Any CPU
		{9CB2BAC3-7856-4BC7-AFC9-B9DD1D92ECEA}.Debug|Any CPU.Build.0 = Debug|Any CPU
		{9CB2BAC3-7856-4BC7-AFC9-B9DD1D92ECEA}.Release|Any CPU.ActiveCfg = Release|Any CPU
		{9CB2BAC3-7856-4BC7-AFC9-B9DD1D92ECEA}.Release|Any CPU.Build.0 = Release|Any CPU
		{9FA1647C-2A2B-4523-B431-2D61B8BEABE6}.Debug|Any CPU.ActiveCfg = Debug|Any CPU
		{9FA1647C-2A2B-4523-B431-2D61B8BEABE6}.Debug|Any CPU.Build.0 = Debug|Any CPU
		{9FA1647C-2A2B-4523-B431-2D61B8BEABE6}.Release|Any CPU.ActiveCfg = Release|Any CPU
		{9FA1647C-2A2B-4523-B431-2D61B8BEABE6}.Release|Any CPU.Build.0 = Release|Any CPU
		{9DE8EB55-4FDC-49DB-90ED-0419C95DCADA}.Debug|Any CPU.ActiveCfg = Debug|Any CPU
		{9DE8EB55-4FDC-49DB-90ED-0419C95DCADA}.Debug|Any CPU.Build.0 = Debug|Any CPU
		{9DE8EB55-4FDC-49DB-90ED-0419C95DCADA}.Release|Any CPU.ActiveCfg = Release|Any CPU
		{9DE8EB55-4FDC-49DB-90ED-0419C95DCADA}.Release|Any CPU.Build.0 = Release|Any CPU
		{A89E1AE2-692E-41FD-8D6D-B845CC058DBB}.Debug|Any CPU.ActiveCfg = Debug|Any CPU
		{A89E1AE2-692E-41FD-8D6D-B845CC058DBB}.Debug|Any CPU.Build.0 = Debug|Any CPU
		{A89E1AE2-692E-41FD-8D6D-B845CC058DBB}.Release|Any CPU.ActiveCfg = Release|Any CPU
		{A89E1AE2-692E-41FD-8D6D-B845CC058DBB}.Release|Any CPU.Build.0 = Release|Any CPU
		{09E8D514-B47A-45D4-B17E-EF06EECA9066}.Debug|Any CPU.ActiveCfg = Debug|Any CPU
		{09E8D514-B47A-45D4-B17E-EF06EECA9066}.Debug|Any CPU.Build.0 = Debug|Any CPU
		{09E8D514-B47A-45D4-B17E-EF06EECA9066}.Release|Any CPU.ActiveCfg = Release|Any CPU
		{09E8D514-B47A-45D4-B17E-EF06EECA9066}.Release|Any CPU.Build.0 = Release|Any CPU
		{08E7D839-0B4E-43AC-B611-982BB84136FE}.Debug|Any CPU.ActiveCfg = Debug|Any CPU
		{08E7D839-0B4E-43AC-B611-982BB84136FE}.Debug|Any CPU.Build.0 = Debug|Any CPU
		{08E7D839-0B4E-43AC-B611-982BB84136FE}.Release|Any CPU.ActiveCfg = Release|Any CPU
		{08E7D839-0B4E-43AC-B611-982BB84136FE}.Release|Any CPU.Build.0 = Release|Any CPU
		{1B0C202D-28EC-4F3B-A16B-8E2EC34326F3}.Debug|Any CPU.ActiveCfg = Debug|Any CPU
		{1B0C202D-28EC-4F3B-A16B-8E2EC34326F3}.Debug|Any CPU.Build.0 = Debug|Any CPU
		{1B0C202D-28EC-4F3B-A16B-8E2EC34326F3}.Release|Any CPU.ActiveCfg = Release|Any CPU
		{1B0C202D-28EC-4F3B-A16B-8E2EC34326F3}.Release|Any CPU.Build.0 = Release|Any CPU
		{40CACD91-7DA6-41BD-AA38-726B1012E2AC}.Debug|Any CPU.ActiveCfg = Debug|Any CPU
		{40CACD91-7DA6-41BD-AA38-726B1012E2AC}.Debug|Any CPU.Build.0 = Debug|Any CPU
		{40CACD91-7DA6-41BD-AA38-726B1012E2AC}.Release|Any CPU.ActiveCfg = Release|Any CPU
		{40CACD91-7DA6-41BD-AA38-726B1012E2AC}.Release|Any CPU.Build.0 = Release|Any CPU
		{64E58029-4BDE-44A5-8412-7753F89851D7}.Debug|Any CPU.ActiveCfg = Debug|Any CPU
		{64E58029-4BDE-44A5-8412-7753F89851D7}.Debug|Any CPU.Build.0 = Debug|Any CPU
		{64E58029-4BDE-44A5-8412-7753F89851D7}.Release|Any CPU.ActiveCfg = Release|Any CPU
		{64E58029-4BDE-44A5-8412-7753F89851D7}.Release|Any CPU.Build.0 = Release|Any CPU
		{BB74475D-3A01-4E3E-8A35-C524B482242D}.Debug|Any CPU.ActiveCfg = Debug|Any CPU
		{BB74475D-3A01-4E3E-8A35-C524B482242D}.Debug|Any CPU.Build.0 = Debug|Any CPU
		{BB74475D-3A01-4E3E-8A35-C524B482242D}.Release|Any CPU.ActiveCfg = Release|Any CPU
		{BB74475D-3A01-4E3E-8A35-C524B482242D}.Release|Any CPU.Build.0 = Release|Any CPU
		{6E14195D-4A36-45F2-91B8-4D8F66E7D5DB}.Debug|Any CPU.ActiveCfg = Debug|Any CPU
		{6E14195D-4A36-45F2-91B8-4D8F66E7D5DB}.Debug|Any CPU.Build.0 = Debug|Any CPU
		{6E14195D-4A36-45F2-91B8-4D8F66E7D5DB}.Release|Any CPU.ActiveCfg = Release|Any CPU
		{6E14195D-4A36-45F2-91B8-4D8F66E7D5DB}.Release|Any CPU.Build.0 = Release|Any CPU
		{7B1DC48B-F381-4261-96A7-C626840180C7}.Debug|Any CPU.ActiveCfg = Debug|Any CPU
		{7B1DC48B-F381-4261-96A7-C626840180C7}.Debug|Any CPU.Build.0 = Debug|Any CPU
		{7B1DC48B-F381-4261-96A7-C626840180C7}.Release|Any CPU.ActiveCfg = Release|Any CPU
		{7B1DC48B-F381-4261-96A7-C626840180C7}.Release|Any CPU.Build.0 = Release|Any CPU
		{2CF159D1-AC9F-4C32-B038-5C92EDFAE77F}.Debug|Any CPU.ActiveCfg = Debug|Any CPU
		{2CF159D1-AC9F-4C32-B038-5C92EDFAE77F}.Debug|Any CPU.Build.0 = Debug|Any CPU
		{2CF159D1-AC9F-4C32-B038-5C92EDFAE77F}.Release|Any CPU.ActiveCfg = Release|Any CPU
		{2CF159D1-AC9F-4C32-B038-5C92EDFAE77F}.Release|Any CPU.Build.0 = Release|Any CPU
		{BC538961-AF0E-4F42-8652-1E4F065B74EF}.Debug|Any CPU.ActiveCfg = Debug|Any CPU
		{BC538961-AF0E-4F42-8652-1E4F065B74EF}.Debug|Any CPU.Build.0 = Debug|Any CPU
		{BC538961-AF0E-4F42-8652-1E4F065B74EF}.Release|Any CPU.ActiveCfg = Release|Any CPU
		{BC538961-AF0E-4F42-8652-1E4F065B74EF}.Release|Any CPU.Build.0 = Release|Any CPU
		{45244524-9DC6-48BB-AE70-D76E8E4DF23C}.Debug|Any CPU.ActiveCfg = Debug|Any CPU
		{45244524-9DC6-48BB-AE70-D76E8E4DF23C}.Debug|Any CPU.Build.0 = Debug|Any CPU
		{45244524-9DC6-48BB-AE70-D76E8E4DF23C}.Release|Any CPU.ActiveCfg = Release|Any CPU
		{45244524-9DC6-48BB-AE70-D76E8E4DF23C}.Release|Any CPU.Build.0 = Release|Any CPU
	EndGlobalSection
	GlobalSection(SolutionProperties) = preSolution
		HideSolutionNode = FALSE
	EndGlobalSection
	GlobalSection(NestedProjects) = preSolution
		{CF495B92-D179-49EA-9CFB-AD498101A6D2} = {68F05376-5EC3-4534-B85C-DAD59143AE95}
		{2D577611-D483-4CDC-AD66-298192F75957} = {68F05376-5EC3-4534-B85C-DAD59143AE95}
		{D5804475-5EFF-40B6-89A4-47FABCB094C1} = {68F05376-5EC3-4534-B85C-DAD59143AE95}
		{9CB2BAC3-7856-4BC7-AFC9-B9DD1D92ECEA} = {68F05376-5EC3-4534-B85C-DAD59143AE95}
		{9FA1647C-2A2B-4523-B431-2D61B8BEABE6} = {170613BA-2C37-418A-83D5-2AF0831FE99A}
		{9DE8EB55-4FDC-49DB-90ED-0419C95DCADA} = {170613BA-2C37-418A-83D5-2AF0831FE99A}
		{A89E1AE2-692E-41FD-8D6D-B845CC058DBB} = {170613BA-2C37-418A-83D5-2AF0831FE99A}
		{09E8D514-B47A-45D4-B17E-EF06EECA9066} = {170613BA-2C37-418A-83D5-2AF0831FE99A}
		{08E7D839-0B4E-43AC-B611-982BB84136FE} = {170613BA-2C37-418A-83D5-2AF0831FE99A}
		{1B0C202D-28EC-4F3B-A16B-8E2EC34326F3} = {170613BA-2C37-418A-83D5-2AF0831FE99A}
		{40CACD91-7DA6-41BD-AA38-726B1012E2AC} = {170613BA-2C37-418A-83D5-2AF0831FE99A}
		{64E58029-4BDE-44A5-8412-7753F89851D7} = {170613BA-2C37-418A-83D5-2AF0831FE99A}
		{BB74475D-3A01-4E3E-8A35-C524B482242D} = {170613BA-2C37-418A-83D5-2AF0831FE99A}
		{6E14195D-4A36-45F2-91B8-4D8F66E7D5DB} = {170613BA-2C37-418A-83D5-2AF0831FE99A}
		{7B1DC48B-F381-4261-96A7-C626840180C7} = {170613BA-2C37-418A-83D5-2AF0831FE99A}
		{2CF159D1-AC9F-4C32-B038-5C92EDFAE77F} = {170613BA-2C37-418A-83D5-2AF0831FE99A}
		{BC538961-AF0E-4F42-8652-1E4F065B74EF} = {170613BA-2C37-418A-83D5-2AF0831FE99A}
		{45244524-9DC6-48BB-AE70-D76E8E4DF23C} = {170613BA-2C37-418A-83D5-2AF0831FE99A}
	EndGlobalSection
EndGlobal
