
Microsoft Visual Studio Solution File, Format Version 12.00
# Visual Studio 15
VisualStudioVersion = 15.0.26430.16
MinimumVisualStudioVersion = 10.0.40219.1
Project("{FAE04EC0-301F-11D3-BF4B-00C04F79EFBC}") = "01.Box", "01.Box\01.Box.csproj", "{7828EBDE-393F-40D7-9D28-7AD6222F839E}"
EndProject
Project("{2150E333-8FDC-42A3-9474-1A3956D46DE8}") = "01.Generics-Lab", "01.Generics-Lab", "{831EEBCA-D4B3-4E04-BD1F-34E51408755D}"
EndProject
Project("{2150E333-8FDC-42A3-9474-1A3956D46DE8}") = "02.Generics-Exercises", "02.Generics-Exercises", "{41097D62-8054-416A-AA7B-AD3B5A723A1D}"
EndProject
Project("{FAE04EC0-301F-11D3-BF4B-00C04F79EFBC}") = "02.ArrayCreator", "02.ArrayCreator\02.ArrayCreator.csproj", "{F4EC1768-7510-41BE-AB6C-53C4153795BE}"
EndProject
Project("{FAE04EC0-301F-11D3-BF4B-00C04F79EFBC}") = "03.Scale", "03.Scale\03.Scale.csproj", "{033A6823-6D57-40D5-9920-6981B111D66C}"
EndProject
Project("{FAE04EC0-301F-11D3-BF4B-00C04F79EFBC}") = "01.GenericBoxOfString", "01.GenericBoxOfString\01.GenericBoxOfString.csproj", "{D21DBCE0-EE0F-4387-9147-42A62F916180}"
EndProject
Project("{FAE04EC0-301F-11D3-BF4B-00C04F79EFBC}") = "02.GenericBoxOfInteger", "02.GenericBoxOfInteger\02.GenericBoxOfInteger.csproj", "{0F260950-5205-460B-8356-74EDA2D430A4}"
EndProject
Project("{FAE04EC0-301F-11D3-BF4B-00C04F79EFBC}") = "03.GenericSwapMethodString", "03.GenericSwapMethodString\03.GenericSwapMethodString.csproj", "{E84BD957-65B6-4BE0-97C1-731D14FC9B8C}"
EndProject
Project("{FAE04EC0-301F-11D3-BF4B-00C04F79EFBC}") = "04.GenericSwapMethodInteger", "04.GenericSwapMethodInteger\04.GenericSwapMethodInteger.csproj", "{DB74151D-F48C-436C-A30C-3A048A863B8F}"
EndProject
Project("{FAE04EC0-301F-11D3-BF4B-00C04F79EFBC}") = "05.GenericCountMethodString", "05.GenericCountMethodString\05.GenericCountMethodString.csproj", "{E8DCE9B5-8CEB-4EBE-8CE0-4A5625311BC8}"
EndProject
Project("{FAE04EC0-301F-11D3-BF4B-00C04F79EFBC}") = "06.GenericCountMethodDouble", "06.GenericCountMethodDouble\06.GenericCountMethodDouble.csproj", "{E99FCD89-37AC-45B0-9F25-FC131F4E1750}"
EndProject
Project("{FAE04EC0-301F-11D3-BF4B-00C04F79EFBC}") = "07.CustomList", "07.CustomList\07.CustomList.csproj", "{F5D304C4-F229-4CF1-8617-556DACDDC39B}"
EndProject
Project("{FAE04EC0-301F-11D3-BF4B-00C04F79EFBC}") = "08.CustomListSorter", "08.CustomListSorter\08.CustomListSorter.csproj", "{B1428308-9CEB-4360-A92E-42D6A22047DF}"
EndProject
Project("{FAE04EC0-301F-11D3-BF4B-00C04F79EFBC}") = "09.CustomListIterator", "09.CustomListIterator\09.CustomListIterator.csproj", "{5CCED2BA-5658-49FD-A859-0F418DB167AA}"
EndProject
Global
	GlobalSection(SolutionConfigurationPlatforms) = preSolution
		Debug|Any CPU = Debug|Any CPU
		Release|Any CPU = Release|Any CPU
	EndGlobalSection
	GlobalSection(ProjectConfigurationPlatforms) = postSolution
		{7828EBDE-393F-40D7-9D28-7AD6222F839E}.Debug|Any CPU.ActiveCfg = Debug|Any CPU
		{7828EBDE-393F-40D7-9D28-7AD6222F839E}.Debug|Any CPU.Build.0 = Debug|Any CPU
		{7828EBDE-393F-40D7-9D28-7AD6222F839E}.Release|Any CPU.ActiveCfg = Release|Any CPU
		{7828EBDE-393F-40D7-9D28-7AD6222F839E}.Release|Any CPU.Build.0 = Release|Any CPU
		{F4EC1768-7510-41BE-AB6C-53C4153795BE}.Debug|Any CPU.ActiveCfg = Debug|Any CPU
		{F4EC1768-7510-41BE-AB6C-53C4153795BE}.Debug|Any CPU.Build.0 = Debug|Any CPU
		{F4EC1768-7510-41BE-AB6C-53C4153795BE}.Release|Any CPU.ActiveCfg = Release|Any CPU
		{F4EC1768-7510-41BE-AB6C-53C4153795BE}.Release|Any CPU.Build.0 = Release|Any CPU
		{033A6823-6D57-40D5-9920-6981B111D66C}.Debug|Any CPU.ActiveCfg = Debug|Any CPU
		{033A6823-6D57-40D5-9920-6981B111D66C}.Debug|Any CPU.Build.0 = Debug|Any CPU
		{033A6823-6D57-40D5-9920-6981B111D66C}.Release|Any CPU.ActiveCfg = Release|Any CPU
		{033A6823-6D57-40D5-9920-6981B111D66C}.Release|Any CPU.Build.0 = Release|Any CPU
		{D21DBCE0-EE0F-4387-9147-42A62F916180}.Debug|Any CPU.ActiveCfg = Debug|Any CPU
		{D21DBCE0-EE0F-4387-9147-42A62F916180}.Debug|Any CPU.Build.0 = Debug|Any CPU
		{D21DBCE0-EE0F-4387-9147-42A62F916180}.Release|Any CPU.ActiveCfg = Release|Any CPU
		{D21DBCE0-EE0F-4387-9147-42A62F916180}.Release|Any CPU.Build.0 = Release|Any CPU
		{0F260950-5205-460B-8356-74EDA2D430A4}.Debug|Any CPU.ActiveCfg = Debug|Any CPU
		{0F260950-5205-460B-8356-74EDA2D430A4}.Debug|Any CPU.Build.0 = Debug|Any CPU
		{0F260950-5205-460B-8356-74EDA2D430A4}.Release|Any CPU.ActiveCfg = Release|Any CPU
		{0F260950-5205-460B-8356-74EDA2D430A4}.Release|Any CPU.Build.0 = Release|Any CPU
		{E84BD957-65B6-4BE0-97C1-731D14FC9B8C}.Debug|Any CPU.ActiveCfg = Debug|Any CPU
		{E84BD957-65B6-4BE0-97C1-731D14FC9B8C}.Debug|Any CPU.Build.0 = Debug|Any CPU
		{E84BD957-65B6-4BE0-97C1-731D14FC9B8C}.Release|Any CPU.ActiveCfg = Release|Any CPU
		{E84BD957-65B6-4BE0-97C1-731D14FC9B8C}.Release|Any CPU.Build.0 = Release|Any CPU
		{DB74151D-F48C-436C-A30C-3A048A863B8F}.Debug|Any CPU.ActiveCfg = Debug|Any CPU
		{DB74151D-F48C-436C-A30C-3A048A863B8F}.Debug|Any CPU.Build.0 = Debug|Any CPU
		{DB74151D-F48C-436C-A30C-3A048A863B8F}.Release|Any CPU.ActiveCfg = Release|Any CPU
		{DB74151D-F48C-436C-A30C-3A048A863B8F}.Release|Any CPU.Build.0 = Release|Any CPU
		{E8DCE9B5-8CEB-4EBE-8CE0-4A5625311BC8}.Debug|Any CPU.ActiveCfg = Debug|Any CPU
		{E8DCE9B5-8CEB-4EBE-8CE0-4A5625311BC8}.Debug|Any CPU.Build.0 = Debug|Any CPU
		{E8DCE9B5-8CEB-4EBE-8CE0-4A5625311BC8}.Release|Any CPU.ActiveCfg = Release|Any CPU
		{E8DCE9B5-8CEB-4EBE-8CE0-4A5625311BC8}.Release|Any CPU.Build.0 = Release|Any CPU
		{E99FCD89-37AC-45B0-9F25-FC131F4E1750}.Debug|Any CPU.ActiveCfg = Debug|Any CPU
		{E99FCD89-37AC-45B0-9F25-FC131F4E1750}.Debug|Any CPU.Build.0 = Debug|Any CPU
		{E99FCD89-37AC-45B0-9F25-FC131F4E1750}.Release|Any CPU.ActiveCfg = Release|Any CPU
		{E99FCD89-37AC-45B0-9F25-FC131F4E1750}.Release|Any CPU.Build.0 = Release|Any CPU
		{F5D304C4-F229-4CF1-8617-556DACDDC39B}.Debug|Any CPU.ActiveCfg = Debug|Any CPU
		{F5D304C4-F229-4CF1-8617-556DACDDC39B}.Debug|Any CPU.Build.0 = Debug|Any CPU
		{F5D304C4-F229-4CF1-8617-556DACDDC39B}.Release|Any CPU.ActiveCfg = Release|Any CPU
		{F5D304C4-F229-4CF1-8617-556DACDDC39B}.Release|Any CPU.Build.0 = Release|Any CPU
		{B1428308-9CEB-4360-A92E-42D6A22047DF}.Debug|Any CPU.ActiveCfg = Debug|Any CPU
		{B1428308-9CEB-4360-A92E-42D6A22047DF}.Debug|Any CPU.Build.0 = Debug|Any CPU
		{B1428308-9CEB-4360-A92E-42D6A22047DF}.Release|Any CPU.ActiveCfg = Release|Any CPU
		{B1428308-9CEB-4360-A92E-42D6A22047DF}.Release|Any CPU.Build.0 = Release|Any CPU
		{5CCED2BA-5658-49FD-A859-0F418DB167AA}.Debug|Any CPU.ActiveCfg = Debug|Any CPU
		{5CCED2BA-5658-49FD-A859-0F418DB167AA}.Debug|Any CPU.Build.0 = Debug|Any CPU
		{5CCED2BA-5658-49FD-A859-0F418DB167AA}.Release|Any CPU.ActiveCfg = Release|Any CPU
		{5CCED2BA-5658-49FD-A859-0F418DB167AA}.Release|Any CPU.Build.0 = Release|Any CPU
	EndGlobalSection
	GlobalSection(SolutionProperties) = preSolution
		HideSolutionNode = FALSE
	EndGlobalSection
	GlobalSection(NestedProjects) = preSolution
		{7828EBDE-393F-40D7-9D28-7AD6222F839E} = {831EEBCA-D4B3-4E04-BD1F-34E51408755D}
		{F4EC1768-7510-41BE-AB6C-53C4153795BE} = {831EEBCA-D4B3-4E04-BD1F-34E51408755D}
		{033A6823-6D57-40D5-9920-6981B111D66C} = {831EEBCA-D4B3-4E04-BD1F-34E51408755D}
		{D21DBCE0-EE0F-4387-9147-42A62F916180} = {41097D62-8054-416A-AA7B-AD3B5A723A1D}
		{0F260950-5205-460B-8356-74EDA2D430A4} = {41097D62-8054-416A-AA7B-AD3B5A723A1D}
		{E84BD957-65B6-4BE0-97C1-731D14FC9B8C} = {41097D62-8054-416A-AA7B-AD3B5A723A1D}
		{DB74151D-F48C-436C-A30C-3A048A863B8F} = {41097D62-8054-416A-AA7B-AD3B5A723A1D}
		{E8DCE9B5-8CEB-4EBE-8CE0-4A5625311BC8} = {41097D62-8054-416A-AA7B-AD3B5A723A1D}
		{E99FCD89-37AC-45B0-9F25-FC131F4E1750} = {41097D62-8054-416A-AA7B-AD3B5A723A1D}
		{F5D304C4-F229-4CF1-8617-556DACDDC39B} = {41097D62-8054-416A-AA7B-AD3B5A723A1D}
		{B1428308-9CEB-4360-A92E-42D6A22047DF} = {41097D62-8054-416A-AA7B-AD3B5A723A1D}
		{5CCED2BA-5658-49FD-A859-0F418DB167AA} = {41097D62-8054-416A-AA7B-AD3B5A723A1D}
	EndGlobalSection
EndGlobal
