
Microsoft Visual Studio Solution File, Format Version 12.00
# Visual Studio 15
VisualStudioVersion = 15.0.26430.12
MinimumVisualStudioVersion = 10.0.40219.1
Project("{2150E333-8FDC-42A3-9474-1A3956D46DE8}") = "01.StringProcessing-Lab", "01.StringProcessing-Lab", "{EC975674-DEA2-4CA5-8F4D-1A21A02CA91D}"
EndProject
Project("{2150E333-8FDC-42A3-9474-1A3956D46DE8}") = "02.StringProcessing-Exercise", "02.StringProcessing-Exercise", "{805BBCB5-E187-4CDC-AB46-00FAC1701EAD}"
EndProject
Project("{FAE04EC0-301F-11D3-BF4B-00C04F79EFBC}") = "01.StudentsResults", "01.StudentsResults\01.StudentsResults.csproj", "{B87525B6-CA2A-404F-AB25-78762203DE6A}"
EndProject
Project("{FAE04EC0-301F-11D3-BF4B-00C04F79EFBC}") = "02.ParseURL", "02.ParseURL\02.ParseURL.csproj", "{C565DAB4-9414-455C-8E8C-3B799D016677}"
EndProject
Project("{FAE04EC0-301F-11D3-BF4B-00C04F79EFBC}") = "03.ParseTags", "03.ParseTags\03.ParseTags.csproj", "{F6C78525-C623-4DE2-8FCC-B56C8F2D4AA7}"
EndProject
Project("{FAE04EC0-301F-11D3-BF4B-00C04F79EFBC}") = "05.ConcatenateStrings", "05.ConcatenateStrings\05.ConcatenateStrings.csproj", "{C47BAEA4-282C-4E41-9429-55C2591C5A8C}"
EndProject
Project("{FAE04EC0-301F-11D3-BF4B-00C04F79EFBC}") = "04.SpecialWords", "04.SpecialWords\04.SpecialWords.csproj", "{0FF43CD9-7879-4D71-A123-4803A164B571}"
EndProject
Project("{FAE04EC0-301F-11D3-BF4B-00C04F79EFBC}") = "01.ReverseString", "01.ReverseString\01.ReverseString.csproj", "{FD2AD66A-622E-4E27-9C86-8337AFE80FDD}"
EndProject
Project("{FAE04EC0-301F-11D3-BF4B-00C04F79EFBC}") = "02.StringLength", "02.StringLength\02.StringLength.csproj", "{C1D22B3D-AC0B-41FF-A4F6-0AFE75806737}"
EndProject
Project("{FAE04EC0-301F-11D3-BF4B-00C04F79EFBC}") = "03.FormattingNumbers", "03.FormattingNumbers\03.FormattingNumbers.csproj", "{4ED850AE-C969-473B-82D0-B267FCC15E66}"
EndProject
Project("{FAE04EC0-301F-11D3-BF4B-00C04F79EFBC}") = "04.ConvertFromBase10ToBase-N", "04.ConvertFromBase10ToBase-N\04.ConvertFromBase10ToBase-N.csproj", "{2FF29CE8-D56D-44D8-97F0-28FE8DA37C5E}"
EndProject
Project("{FAE04EC0-301F-11D3-BF4B-00C04F79EFBC}") = "05.ConvertFromBaseNToBase-10", "05.ConvertFromBaseNToBase-10\05.ConvertFromBaseNToBase-10.csproj", "{105AE01E-F4F9-4F64-9381-D155F06CF03E}"
EndProject
Project("{FAE04EC0-301F-11D3-BF4B-00C04F79EFBC}") = "06.CountSubstringOccurrences", "06.CountSubstringOccurrences\06.CountSubstringOccurrences.csproj", "{E0868DA5-26AF-4C2A-AD29-ABC78F983442}"
EndProject
Project("{FAE04EC0-301F-11D3-BF4B-00C04F79EFBC}") = "07.SumBigNumbers", "07.SumBigNumbers\07.SumBigNumbers.csproj", "{A7EE63CB-DBBD-44E2-B23D-7C4F3B4FADAD}"
EndProject
Project("{FAE04EC0-301F-11D3-BF4B-00C04F79EFBC}") = "08.MultiplyBigNumber", "08.MultiplyBigNumber\08.MultiplyBigNumber.csproj", "{4DD12410-691F-4134-AF16-4A93B2BBB67D}"
EndProject
Project("{FAE04EC0-301F-11D3-BF4B-00C04F79EFBC}") = "09.TextFilter", "09.TextFilter\09.TextFilter.csproj", "{9E9A198C-A712-4A92-8FF6-CB0F411A11EB}"
EndProject
Project("{FAE04EC0-301F-11D3-BF4B-00C04F79EFBC}") = "10.UnicodeCharacters", "10.UnicodeCharacters\10.UnicodeCharacters.csproj", "{B67B4649-B79A-4398-87FC-2C69F5EAB62D}"
EndProject
Project("{FAE04EC0-301F-11D3-BF4B-00C04F79EFBC}") = "11.Palindromes", "11.Palindromes\11.Palindromes.csproj", "{CB0EC431-8C23-4378-ABDB-B4542BAD0B63}"
EndProject
Project("{FAE04EC0-301F-11D3-BF4B-00C04F79EFBC}") = "12.CharacterMultiplier", "12.CharacterMultiplier\12.CharacterMultiplier.csproj", "{99FC9458-D26A-4861-BCC6-508898C35F11}"
EndProject
Project("{FAE04EC0-301F-11D3-BF4B-00C04F79EFBC}") = "13.MagicExchangeableWords", "13.MagicExchangeableWords\13.MagicExchangeableWords.csproj", "{034418AD-7B37-4F86-BAB6-616B234EEF1E}"
EndProject
Global
	GlobalSection(SolutionConfigurationPlatforms) = preSolution
		Debug|Any CPU = Debug|Any CPU
		Release|Any CPU = Release|Any CPU
	EndGlobalSection
	GlobalSection(ProjectConfigurationPlatforms) = postSolution
		{B87525B6-CA2A-404F-AB25-78762203DE6A}.Debug|Any CPU.ActiveCfg = Debug|Any CPU
		{B87525B6-CA2A-404F-AB25-78762203DE6A}.Debug|Any CPU.Build.0 = Debug|Any CPU
		{B87525B6-CA2A-404F-AB25-78762203DE6A}.Release|Any CPU.ActiveCfg = Release|Any CPU
		{B87525B6-CA2A-404F-AB25-78762203DE6A}.Release|Any CPU.Build.0 = Release|Any CPU
		{C565DAB4-9414-455C-8E8C-3B799D016677}.Debug|Any CPU.ActiveCfg = Debug|Any CPU
		{C565DAB4-9414-455C-8E8C-3B799D016677}.Debug|Any CPU.Build.0 = Debug|Any CPU
		{C565DAB4-9414-455C-8E8C-3B799D016677}.Release|Any CPU.ActiveCfg = Release|Any CPU
		{C565DAB4-9414-455C-8E8C-3B799D016677}.Release|Any CPU.Build.0 = Release|Any CPU
		{F6C78525-C623-4DE2-8FCC-B56C8F2D4AA7}.Debug|Any CPU.ActiveCfg = Debug|Any CPU
		{F6C78525-C623-4DE2-8FCC-B56C8F2D4AA7}.Debug|Any CPU.Build.0 = Debug|Any CPU
		{F6C78525-C623-4DE2-8FCC-B56C8F2D4AA7}.Release|Any CPU.ActiveCfg = Release|Any CPU
		{F6C78525-C623-4DE2-8FCC-B56C8F2D4AA7}.Release|Any CPU.Build.0 = Release|Any CPU
		{C47BAEA4-282C-4E41-9429-55C2591C5A8C}.Debug|Any CPU.ActiveCfg = Debug|Any CPU
		{C47BAEA4-282C-4E41-9429-55C2591C5A8C}.Debug|Any CPU.Build.0 = Debug|Any CPU
		{C47BAEA4-282C-4E41-9429-55C2591C5A8C}.Release|Any CPU.ActiveCfg = Release|Any CPU
		{C47BAEA4-282C-4E41-9429-55C2591C5A8C}.Release|Any CPU.Build.0 = Release|Any CPU
		{0FF43CD9-7879-4D71-A123-4803A164B571}.Debug|Any CPU.ActiveCfg = Debug|Any CPU
		{0FF43CD9-7879-4D71-A123-4803A164B571}.Debug|Any CPU.Build.0 = Debug|Any CPU
		{0FF43CD9-7879-4D71-A123-4803A164B571}.Release|Any CPU.ActiveCfg = Release|Any CPU
		{0FF43CD9-7879-4D71-A123-4803A164B571}.Release|Any CPU.Build.0 = Release|Any CPU
		{FD2AD66A-622E-4E27-9C86-8337AFE80FDD}.Debug|Any CPU.ActiveCfg = Debug|Any CPU
		{FD2AD66A-622E-4E27-9C86-8337AFE80FDD}.Debug|Any CPU.Build.0 = Debug|Any CPU
		{FD2AD66A-622E-4E27-9C86-8337AFE80FDD}.Release|Any CPU.ActiveCfg = Release|Any CPU
		{FD2AD66A-622E-4E27-9C86-8337AFE80FDD}.Release|Any CPU.Build.0 = Release|Any CPU
		{C1D22B3D-AC0B-41FF-A4F6-0AFE75806737}.Debug|Any CPU.ActiveCfg = Debug|Any CPU
		{C1D22B3D-AC0B-41FF-A4F6-0AFE75806737}.Debug|Any CPU.Build.0 = Debug|Any CPU
		{C1D22B3D-AC0B-41FF-A4F6-0AFE75806737}.Release|Any CPU.ActiveCfg = Release|Any CPU
		{C1D22B3D-AC0B-41FF-A4F6-0AFE75806737}.Release|Any CPU.Build.0 = Release|Any CPU
		{4ED850AE-C969-473B-82D0-B267FCC15E66}.Debug|Any CPU.ActiveCfg = Debug|Any CPU
		{4ED850AE-C969-473B-82D0-B267FCC15E66}.Debug|Any CPU.Build.0 = Debug|Any CPU
		{4ED850AE-C969-473B-82D0-B267FCC15E66}.Release|Any CPU.ActiveCfg = Release|Any CPU
		{4ED850AE-C969-473B-82D0-B267FCC15E66}.Release|Any CPU.Build.0 = Release|Any CPU
		{2FF29CE8-D56D-44D8-97F0-28FE8DA37C5E}.Debug|Any CPU.ActiveCfg = Debug|Any CPU
		{2FF29CE8-D56D-44D8-97F0-28FE8DA37C5E}.Debug|Any CPU.Build.0 = Debug|Any CPU
		{2FF29CE8-D56D-44D8-97F0-28FE8DA37C5E}.Release|Any CPU.ActiveCfg = Release|Any CPU
		{2FF29CE8-D56D-44D8-97F0-28FE8DA37C5E}.Release|Any CPU.Build.0 = Release|Any CPU
		{105AE01E-F4F9-4F64-9381-D155F06CF03E}.Debug|Any CPU.ActiveCfg = Debug|Any CPU
		{105AE01E-F4F9-4F64-9381-D155F06CF03E}.Debug|Any CPU.Build.0 = Debug|Any CPU
		{105AE01E-F4F9-4F64-9381-D155F06CF03E}.Release|Any CPU.ActiveCfg = Release|Any CPU
		{105AE01E-F4F9-4F64-9381-D155F06CF03E}.Release|Any CPU.Build.0 = Release|Any CPU
		{E0868DA5-26AF-4C2A-AD29-ABC78F983442}.Debug|Any CPU.ActiveCfg = Debug|Any CPU
		{E0868DA5-26AF-4C2A-AD29-ABC78F983442}.Debug|Any CPU.Build.0 = Debug|Any CPU
		{E0868DA5-26AF-4C2A-AD29-ABC78F983442}.Release|Any CPU.ActiveCfg = Release|Any CPU
		{E0868DA5-26AF-4C2A-AD29-ABC78F983442}.Release|Any CPU.Build.0 = Release|Any CPU
		{A7EE63CB-DBBD-44E2-B23D-7C4F3B4FADAD}.Debug|Any CPU.ActiveCfg = Debug|Any CPU
		{A7EE63CB-DBBD-44E2-B23D-7C4F3B4FADAD}.Debug|Any CPU.Build.0 = Debug|Any CPU
		{A7EE63CB-DBBD-44E2-B23D-7C4F3B4FADAD}.Release|Any CPU.ActiveCfg = Release|Any CPU
		{A7EE63CB-DBBD-44E2-B23D-7C4F3B4FADAD}.Release|Any CPU.Build.0 = Release|Any CPU
		{4DD12410-691F-4134-AF16-4A93B2BBB67D}.Debug|Any CPU.ActiveCfg = Debug|Any CPU
		{4DD12410-691F-4134-AF16-4A93B2BBB67D}.Debug|Any CPU.Build.0 = Debug|Any CPU
		{4DD12410-691F-4134-AF16-4A93B2BBB67D}.Release|Any CPU.ActiveCfg = Release|Any CPU
		{4DD12410-691F-4134-AF16-4A93B2BBB67D}.Release|Any CPU.Build.0 = Release|Any CPU
		{9E9A198C-A712-4A92-8FF6-CB0F411A11EB}.Debug|Any CPU.ActiveCfg = Debug|Any CPU
		{9E9A198C-A712-4A92-8FF6-CB0F411A11EB}.Debug|Any CPU.Build.0 = Debug|Any CPU
		{9E9A198C-A712-4A92-8FF6-CB0F411A11EB}.Release|Any CPU.ActiveCfg = Release|Any CPU
		{9E9A198C-A712-4A92-8FF6-CB0F411A11EB}.Release|Any CPU.Build.0 = Release|Any CPU
		{B67B4649-B79A-4398-87FC-2C69F5EAB62D}.Debug|Any CPU.ActiveCfg = Debug|Any CPU
		{B67B4649-B79A-4398-87FC-2C69F5EAB62D}.Debug|Any CPU.Build.0 = Debug|Any CPU
		{B67B4649-B79A-4398-87FC-2C69F5EAB62D}.Release|Any CPU.ActiveCfg = Release|Any CPU
		{B67B4649-B79A-4398-87FC-2C69F5EAB62D}.Release|Any CPU.Build.0 = Release|Any CPU
		{CB0EC431-8C23-4378-ABDB-B4542BAD0B63}.Debug|Any CPU.ActiveCfg = Debug|Any CPU
		{CB0EC431-8C23-4378-ABDB-B4542BAD0B63}.Debug|Any CPU.Build.0 = Debug|Any CPU
		{CB0EC431-8C23-4378-ABDB-B4542BAD0B63}.Release|Any CPU.ActiveCfg = Release|Any CPU
		{CB0EC431-8C23-4378-ABDB-B4542BAD0B63}.Release|Any CPU.Build.0 = Release|Any CPU
		{99FC9458-D26A-4861-BCC6-508898C35F11}.Debug|Any CPU.ActiveCfg = Debug|Any CPU
		{99FC9458-D26A-4861-BCC6-508898C35F11}.Debug|Any CPU.Build.0 = Debug|Any CPU
		{99FC9458-D26A-4861-BCC6-508898C35F11}.Release|Any CPU.ActiveCfg = Release|Any CPU
		{99FC9458-D26A-4861-BCC6-508898C35F11}.Release|Any CPU.Build.0 = Release|Any CPU
		{034418AD-7B37-4F86-BAB6-616B234EEF1E}.Debug|Any CPU.ActiveCfg = Debug|Any CPU
		{034418AD-7B37-4F86-BAB6-616B234EEF1E}.Debug|Any CPU.Build.0 = Debug|Any CPU
		{034418AD-7B37-4F86-BAB6-616B234EEF1E}.Release|Any CPU.ActiveCfg = Release|Any CPU
		{034418AD-7B37-4F86-BAB6-616B234EEF1E}.Release|Any CPU.Build.0 = Release|Any CPU
	EndGlobalSection
	GlobalSection(SolutionProperties) = preSolution
		HideSolutionNode = FALSE
	EndGlobalSection
	GlobalSection(NestedProjects) = preSolution
		{B87525B6-CA2A-404F-AB25-78762203DE6A} = {EC975674-DEA2-4CA5-8F4D-1A21A02CA91D}
		{C565DAB4-9414-455C-8E8C-3B799D016677} = {EC975674-DEA2-4CA5-8F4D-1A21A02CA91D}
		{F6C78525-C623-4DE2-8FCC-B56C8F2D4AA7} = {EC975674-DEA2-4CA5-8F4D-1A21A02CA91D}
		{C47BAEA4-282C-4E41-9429-55C2591C5A8C} = {EC975674-DEA2-4CA5-8F4D-1A21A02CA91D}
		{0FF43CD9-7879-4D71-A123-4803A164B571} = {EC975674-DEA2-4CA5-8F4D-1A21A02CA91D}
		{FD2AD66A-622E-4E27-9C86-8337AFE80FDD} = {805BBCB5-E187-4CDC-AB46-00FAC1701EAD}
		{C1D22B3D-AC0B-41FF-A4F6-0AFE75806737} = {805BBCB5-E187-4CDC-AB46-00FAC1701EAD}
		{4ED850AE-C969-473B-82D0-B267FCC15E66} = {805BBCB5-E187-4CDC-AB46-00FAC1701EAD}
		{2FF29CE8-D56D-44D8-97F0-28FE8DA37C5E} = {805BBCB5-E187-4CDC-AB46-00FAC1701EAD}
		{105AE01E-F4F9-4F64-9381-D155F06CF03E} = {805BBCB5-E187-4CDC-AB46-00FAC1701EAD}
		{E0868DA5-26AF-4C2A-AD29-ABC78F983442} = {805BBCB5-E187-4CDC-AB46-00FAC1701EAD}
		{A7EE63CB-DBBD-44E2-B23D-7C4F3B4FADAD} = {805BBCB5-E187-4CDC-AB46-00FAC1701EAD}
		{4DD12410-691F-4134-AF16-4A93B2BBB67D} = {805BBCB5-E187-4CDC-AB46-00FAC1701EAD}
		{9E9A198C-A712-4A92-8FF6-CB0F411A11EB} = {805BBCB5-E187-4CDC-AB46-00FAC1701EAD}
		{B67B4649-B79A-4398-87FC-2C69F5EAB62D} = {805BBCB5-E187-4CDC-AB46-00FAC1701EAD}
		{CB0EC431-8C23-4378-ABDB-B4542BAD0B63} = {805BBCB5-E187-4CDC-AB46-00FAC1701EAD}
		{99FC9458-D26A-4861-BCC6-508898C35F11} = {805BBCB5-E187-4CDC-AB46-00FAC1701EAD}
		{034418AD-7B37-4F86-BAB6-616B234EEF1E} = {805BBCB5-E187-4CDC-AB46-00FAC1701EAD}
	EndGlobalSection
EndGlobal
