
Microsoft Visual Studio Solution File, Format Version 12.00
# Visual Studio 15
VisualStudioVersion = 15.0.26403.0
MinimumVisualStudioVersion = 10.0.40219.1
Project("{FAE04EC0-301F-11D3-BF4B-00C04F79EFBC}") = "PlanetHunter.Model", "PlanetHunter.Model\PlanetHunter.Model.csproj", "{985BE223-22E2-4BAC-A24B-57C8676247F2}"
EndProject
Project("{FAE04EC0-301F-11D3-BF4B-00C04F79EFBC}") = "PlanetHunter.Data", "PlanetHunter.Data\PlanetHunter.Data.csproj", "{B61D46AA-C281-46CD-BE6D-0C94B660761B}"
EndProject
Project("{FAE04EC0-301F-11D3-BF4B-00C04F79EFBC}") = "PlanetHunter.Import", "PlanetHunter.Import\PlanetHunter.Import.csproj", "{EFA4B15D-65EF-4864-A6B6-3B0CD96333DC}"
EndProject
Project("{FAE04EC0-301F-11D3-BF4B-00C04F79EFBC}") = "PlanetHunter.Export", "PlanetHunter.Export\PlanetHunter.Export.csproj", "{2786C8CC-3AC5-4F72-A265-216956B3A94B}"
EndProject
Global
	GlobalSection(SolutionConfigurationPlatforms) = preSolution
		Debug|Any CPU = Debug|Any CPU
		Release|Any CPU = Release|Any CPU
	EndGlobalSection
	GlobalSection(ProjectConfigurationPlatforms) = postSolution
		{985BE223-22E2-4BAC-A24B-57C8676247F2}.Debug|Any CPU.ActiveCfg = Debug|Any CPU
		{985BE223-22E2-4BAC-A24B-57C8676247F2}.Debug|Any CPU.Build.0 = Debug|Any CPU
		{985BE223-22E2-4BAC-A24B-57C8676247F2}.Release|Any CPU.ActiveCfg = Release|Any CPU
		{985BE223-22E2-4BAC-A24B-57C8676247F2}.Release|Any CPU.Build.0 = Release|Any CPU
		{B61D46AA-C281-46CD-BE6D-0C94B660761B}.Debug|Any CPU.ActiveCfg = Debug|Any CPU
		{B61D46AA-C281-46CD-BE6D-0C94B660761B}.Debug|Any CPU.Build.0 = Debug|Any CPU
		{B61D46AA-C281-46CD-BE6D-0C94B660761B}.Release|Any CPU.ActiveCfg = Release|Any CPU
		{B61D46AA-C281-46CD-BE6D-0C94B660761B}.Release|Any CPU.Build.0 = Release|Any CPU
		{EFA4B15D-65EF-4864-A6B6-3B0CD96333DC}.Debug|Any CPU.ActiveCfg = Debug|Any CPU
		{EFA4B15D-65EF-4864-A6B6-3B0CD96333DC}.Debug|Any CPU.Build.0 = Debug|Any CPU
		{EFA4B15D-65EF-4864-A6B6-3B0CD96333DC}.Release|Any CPU.ActiveCfg = Release|Any CPU
		{EFA4B15D-65EF-4864-A6B6-3B0CD96333DC}.Release|Any CPU.Build.0 = Release|Any CPU
		{2786C8CC-3AC5-4F72-A265-216956B3A94B}.Debug|Any CPU.ActiveCfg = Debug|Any CPU
		{2786C8CC-3AC5-4F72-A265-216956B3A94B}.Debug|Any CPU.Build.0 = Debug|Any CPU
		{2786C8CC-3AC5-4F72-A265-216956B3A94B}.Release|Any CPU.ActiveCfg = Release|Any CPU
		{2786C8CC-3AC5-4F72-A265-216956B3A94B}.Release|Any CPU.Build.0 = Release|Any CPU
	EndGlobalSection
	GlobalSection(SolutionProperties) = preSolution
		HideSolutionNode = FALSE
	EndGlobalSection
EndGlobal
